// !$*UTF8*$!
{
	archiveVersion = 1;
	classes = {
	};
	objectVersion = 46;
	objects = {

/* Begin PBXBuildFile section */
		00C302E51ABCBA2D00DB3ED1 /* libRCTActionSheet.a in Frameworks */ = {isa = PBXBuildFile; fileRef = 00C302AC1ABCB8CE00DB3ED1 /* libRCTActionSheet.a */; };
		00C302E71ABCBA2D00DB3ED1 /* libRCTGeolocation.a in Frameworks */ = {isa = PBXBuildFile; fileRef = 00C302BA1ABCB90400DB3ED1 /* libRCTGeolocation.a */; };
		00C302E81ABCBA2D00DB3ED1 /* libRCTImage.a in Frameworks */ = {isa = PBXBuildFile; fileRef = 00C302C01ABCB91800DB3ED1 /* libRCTImage.a */; };
		00C302E91ABCBA2D00DB3ED1 /* libRCTNetwork.a in Frameworks */ = {isa = PBXBuildFile; fileRef = 00C302DC1ABCB9D200DB3ED1 /* libRCTNetwork.a */; };
		00C302EA1ABCBA2D00DB3ED1 /* libRCTVibration.a in Frameworks */ = {isa = PBXBuildFile; fileRef = 00C302E41ABCB9EE00DB3ED1 /* libRCTVibration.a */; };
		00E356F31AD99517003FC87E /* crowdshotTests.m in Sources */ = {isa = PBXBuildFile; fileRef = 00E356F21AD99517003FC87E /* crowdshotTests.m */; };
		133E29F31AD74F7200F7D852 /* libRCTLinking.a in Frameworks */ = {isa = PBXBuildFile; fileRef = 78C398B91ACF4ADC00677621 /* libRCTLinking.a */; };
		139105C61AF99C1200B5F7CC /* libRCTSettings.a in Frameworks */ = {isa = PBXBuildFile; fileRef = 139105C11AF99BAD00B5F7CC /* libRCTSettings.a */; };
		139FDEF61B0652A700C62182 /* libRCTWebSocket.a in Frameworks */ = {isa = PBXBuildFile; fileRef = 139FDEF41B06529B00C62182 /* libRCTWebSocket.a */; };
		13B07FBC1A68108700A75B9A /* AppDelegate.m in Sources */ = {isa = PBXBuildFile; fileRef = 13B07FB01A68108700A75B9A /* AppDelegate.m */; };
		13B07FBD1A68108700A75B9A /* LaunchScreen.xib in Resources */ = {isa = PBXBuildFile; fileRef = 13B07FB11A68108700A75B9A /* LaunchScreen.xib */; };
		13B07FBF1A68108700A75B9A /* Images.xcassets in Resources */ = {isa = PBXBuildFile; fileRef = 13B07FB51A68108700A75B9A /* Images.xcassets */; };
		13B07FC11A68108700A75B9A /* main.m in Sources */ = {isa = PBXBuildFile; fileRef = 13B07FB71A68108700A75B9A /* main.m */; };
		140ED2AC1D01E1AD002B40FF /* libReact.a in Frameworks */ = {isa = PBXBuildFile; fileRef = 146834041AC3E56700842450 /* libReact.a */; };
		146834051AC3E58100842450 /* libReact.a in Frameworks */ = {isa = PBXBuildFile; fileRef = 146834041AC3E56700842450 /* libReact.a */; };
		1A0F11F096CA43229EFA5557 /* Foundation.ttf in Resources */ = {isa = PBXBuildFile; fileRef = 6664F9F8CD9D46208C9B392A /* Foundation.ttf */; };
		1B4AF3E1D71F4B029982477F /* libRCTBEEPickerManager.a in Frameworks */ = {isa = PBXBuildFile; fileRef = 5AC719C934D24270B9ACA18D /* libRCTBEEPickerManager.a */; };
		21F81FE1891A4918FDD8E4F8 /* Pods_crowdshotTests.framework in Frameworks */ = {isa = PBXBuildFile; fileRef = EF5C4891AE68CD6EC29A92E6 /* Pods_crowdshotTests.framework */; };
		21F96A3F12D64D759975D0ED /* FontAwesome.ttf in Resources */ = {isa = PBXBuildFile; fileRef = 85F14BE3F3D747DFBF4A2AC6 /* FontAwesome.ttf */; };
		239EDC34205AA3E14C646EC7 /* Pods_crowdshot.framework in Frameworks */ = {isa = PBXBuildFile; fileRef = E9D474A09DC0BBD0EDBDA9D8 /* Pods_crowdshot.framework */; };
		3001CA55DCB44BF385171312 /* libRNShare.a in Frameworks */ = {isa = PBXBuildFile; fileRef = 8459C0063C0D455CB3312D8A /* libRNShare.a */; };
		3B6E56A0A9C74846AD6C95DA /* libRNBlur.a in Frameworks */ = {isa = PBXBuildFile; fileRef = 5C2DA796BFB24341AC81F7CB /* libRNBlur.a */; };
		495A39D030BA44E9936B0705 /* Octicons.ttf in Resources */ = {isa = PBXBuildFile; fileRef = D693BA1AD0DA4FAAB7F09EFC /* Octicons.ttf */; };
		535B8551398441FDA8F4AC15 /* Ionicons.ttf in Resources */ = {isa = PBXBuildFile; fileRef = 45CD010AE51146D7AB51DDEF /* Ionicons.ttf */; };
		56598D68230A42968F39B690 /* MaterialIcons.ttf in Resources */ = {isa = PBXBuildFile; fileRef = 2C778FCB9DC34821945104E9 /* MaterialIcons.ttf */; };
		6A00A69BCF064F7DB6272925 /* libRCTVideo.a in Frameworks */ = {isa = PBXBuildFile; fileRef = 60A89EEB125F4A51B48C99B8 /* libRCTVideo.a */; };
		6D0B896AECC44D8BAEC5D43F /* SimpleLineIcons.ttf in Resources */ = {isa = PBXBuildFile; fileRef = 22FD8F84F756419CAB15E7F4 /* SimpleLineIcons.ttf */; };
		7A3B182762074F7D9B592DD3 /* libRNFIRMessaging.a in Frameworks */ = {isa = PBXBuildFile; fileRef = C596A878D60B484D889802E8 /* libRNFIRMessaging.a */; };
		832341BD1AAA6AB300B99B32 /* libRCTText.a in Frameworks */ = {isa = PBXBuildFile; fileRef = 832341B51AAA6A8300B99B32 /* libRCTText.a */; };
		834ADD3428D74F1883E35F67 /* libRNFetchBlob.a in Frameworks */ = {isa = PBXBuildFile; fileRef = 9132AF949E9B4CD5B42A8129 /* libRNFetchBlob.a */; };
		8D8FB3B8B1A24C1594962AB7 /* Entypo.ttf in Resources */ = {isa = PBXBuildFile; fileRef = 0621ED0F83C3445499D0A02E /* Entypo.ttf */; };
		9EEA18737FE84D70AC3A8FD5 /* libRNVectorIcons.a in Frameworks */ = {isa = PBXBuildFile; fileRef = 9BEC93596F4A4ADA80BA1FD5 /* libRNVectorIcons.a */; };
		BE0F76711DE69B25003D38AD /* libRCTCameraRoll.a in Frameworks */ = {isa = PBXBuildFile; fileRef = BE0F76581DE69B11003D38AD /* libRCTCameraRoll.a */; };
		BE6150FD1DF96D5F004999BC /* libRCTAnimation.a in Frameworks */ = {isa = PBXBuildFile; fileRef = BE6150DE1DF96D52004999BC /* libRCTAnimation.a */; };
		BE622B271DC92B410021F735 /* Bolts.framework in Frameworks */ = {isa = PBXBuildFile; fileRef = BE622B231DC92B410021F735 /* Bolts.framework */; };
		BE622B281DC92B410021F735 /* FBSDKCoreKit.framework in Frameworks */ = {isa = PBXBuildFile; fileRef = BE622B241DC92B410021F735 /* FBSDKCoreKit.framework */; };
		BE622B291DC92B410021F735 /* FBSDKLoginKit.framework in Frameworks */ = {isa = PBXBuildFile; fileRef = BE622B251DC92B410021F735 /* FBSDKLoginKit.framework */; };
		BE622B2A1DC92B410021F735 /* FBSDKShareKit.framework in Frameworks */ = {isa = PBXBuildFile; fileRef = BE622B261DC92B410021F735 /* FBSDKShareKit.framework */; };
		BE7A53371DE28C1700CF20D8 /* GoogleService-Info.plist in Resources */ = {isa = PBXBuildFile; fileRef = BE7A53361DE28C1700CF20D8 /* GoogleService-Info.plist */; };
		BEB0C30A1E07B19100D0C126 /* AIRGMSMarker.m in Sources */ = {isa = PBXBuildFile; fileRef = BEB0C2E91E07B19100D0C126 /* AIRGMSMarker.m */; };
		BEB0C30B1E07B19100D0C126 /* AIRGoogleMap.m in Sources */ = {isa = PBXBuildFile; fileRef = BEB0C2EB1E07B19100D0C126 /* AIRGoogleMap.m */; };
		BEB0C30C1E07B19100D0C126 /* AIRGoogleMapCallout.m in Sources */ = {isa = PBXBuildFile; fileRef = BEB0C2ED1E07B19100D0C126 /* AIRGoogleMapCallout.m */; };
		BEB0C30D1E07B19100D0C126 /* AIRGoogleMapCalloutManager.m in Sources */ = {isa = PBXBuildFile; fileRef = BEB0C2EF1E07B19100D0C126 /* AIRGoogleMapCalloutManager.m */; };
		BEB0C30E1E07B19100D0C126 /* AIRGoogleMapCircle.m in Sources */ = {isa = PBXBuildFile; fileRef = BEB0C2F11E07B19100D0C126 /* AIRGoogleMapCircle.m */; };
		BEB0C30F1E07B19100D0C126 /* AIRGoogleMapCircleManager.m in Sources */ = {isa = PBXBuildFile; fileRef = BEB0C2F31E07B19100D0C126 /* AIRGoogleMapCircleManager.m */; };
		BEB0C3101E07B19100D0C126 /* AIRGoogleMapManager.m in Sources */ = {isa = PBXBuildFile; fileRef = BEB0C2F51E07B19100D0C126 /* AIRGoogleMapManager.m */; };
		BEB0C3111E07B19100D0C126 /* AIRGoogleMapMarker.m in Sources */ = {isa = PBXBuildFile; fileRef = BEB0C2F71E07B19100D0C126 /* AIRGoogleMapMarker.m */; };
		BEB0C3121E07B19100D0C126 /* AIRGoogleMapMarkerManager.m in Sources */ = {isa = PBXBuildFile; fileRef = BEB0C2F91E07B19100D0C126 /* AIRGoogleMapMarkerManager.m */; };
		BEB0C3131E07B19100D0C126 /* AIRGoogleMapPolygon.m in Sources */ = {isa = PBXBuildFile; fileRef = BEB0C2FB1E07B19100D0C126 /* AIRGoogleMapPolygon.m */; };
		BEB0C3141E07B19100D0C126 /* AIRGoogleMapPolygonManager.m in Sources */ = {isa = PBXBuildFile; fileRef = BEB0C2FD1E07B19100D0C126 /* AIRGoogleMapPolygonManager.m */; };
		BEB0C3151E07B19100D0C126 /* AIRGoogleMapPolyline.m in Sources */ = {isa = PBXBuildFile; fileRef = BEB0C2FF1E07B19100D0C126 /* AIRGoogleMapPolyline.m */; };
		BEB0C3161E07B19100D0C126 /* AIRGoogleMapPolylineManager.m in Sources */ = {isa = PBXBuildFile; fileRef = BEB0C3011E07B19100D0C126 /* AIRGoogleMapPolylineManager.m */; };
		BEB0C3171E07B19100D0C126 /* AIRGoogleMapUrlTile.m in Sources */ = {isa = PBXBuildFile; fileRef = BEB0C3031E07B19100D0C126 /* AIRGoogleMapUrlTile.m */; };
		BEB0C3181E07B19100D0C126 /* AIRGoogleMapURLTileManager.m in Sources */ = {isa = PBXBuildFile; fileRef = BEB0C3051E07B19100D0C126 /* AIRGoogleMapURLTileManager.m */; };
		BEB0C3191E07B19100D0C126 /* DummyView.m in Sources */ = {isa = PBXBuildFile; fileRef = BEB0C3071E07B19100D0C126 /* DummyView.m */; };
		BEB0C31A1E07B19100D0C126 /* RCTConvert+GMSMapViewType.m in Sources */ = {isa = PBXBuildFile; fileRef = BEB0C3091E07B19100D0C126 /* RCTConvert+GMSMapViewType.m */; };
		C016AAD4AFD34F14B6C64B81 /* Zocial.ttf in Resources */ = {isa = PBXBuildFile; fileRef = 2E0FB04E7AD747B992516BC2 /* Zocial.ttf */; };
		C6ECF2145EFF4FBE8E500E8A /* libReactNativeIcons.a in Frameworks */ = {isa = PBXBuildFile; fileRef = B597872D4F5E4EECB0E4E88B /* libReactNativeIcons.a */; };
		CE5AD4D340CF410B8108BDA0 /* libAirMaps.a in Frameworks */ = {isa = PBXBuildFile; fileRef = 9412CF190C5A4F6A89100472 /* libAirMaps.a */; };
		D18A801F541F498FADE656BE /* libRCTFBSDK.a in Frameworks */ = {isa = PBXBuildFile; fileRef = 27447B0ABA854CADAFF4F95E /* libRCTFBSDK.a */; };
		DC65DFA01DDABFF3006970DA /* libRNGeocoder.a in Frameworks */ = {isa = PBXBuildFile; fileRef = DC65DF9E1DDABFB1006970DA /* libRNGeocoder.a */; };
		E115DA583F3C48DD99954F36 /* EvilIcons.ttf in Resources */ = {isa = PBXBuildFile; fileRef = F7482DC7B0E94F2EB7DD08E1 /* EvilIcons.ttf */; };
		F6B5D19D3F9F4D16A43F5D28 /* libRCTCamera.a in Frameworks */ = {isa = PBXBuildFile; fileRef = 9985555E80164971A30A33FE /* libRCTCamera.a */; };
		F719B1FB235B4C4085356237 /* libBVLinearGradient.a in Frameworks */ = {isa = PBXBuildFile; fileRef = 3C794A1C407B40A19B54DE99 /* libBVLinearGradient.a */; };
/* End PBXBuildFile section */

/* Begin PBXContainerItemProxy section */
		00C302AB1ABCB8CE00DB3ED1 /* PBXContainerItemProxy */ = {
			isa = PBXContainerItemProxy;
			containerPortal = 00C302A71ABCB8CE00DB3ED1 /* RCTActionSheet.xcodeproj */;
			proxyType = 2;
			remoteGlobalIDString = 134814201AA4EA6300B7C361;
			remoteInfo = RCTActionSheet;
		};
		00C302B91ABCB90400DB3ED1 /* PBXContainerItemProxy */ = {
			isa = PBXContainerItemProxy;
			containerPortal = 00C302B51ABCB90400DB3ED1 /* RCTGeolocation.xcodeproj */;
			proxyType = 2;
			remoteGlobalIDString = 134814201AA4EA6300B7C361;
			remoteInfo = RCTGeolocation;
		};
		00C302BF1ABCB91800DB3ED1 /* PBXContainerItemProxy */ = {
			isa = PBXContainerItemProxy;
			containerPortal = 00C302BB1ABCB91800DB3ED1 /* RCTImage.xcodeproj */;
			proxyType = 2;
			remoteGlobalIDString = 58B5115D1A9E6B3D00147676;
			remoteInfo = RCTImage;
		};
		00C302DB1ABCB9D200DB3ED1 /* PBXContainerItemProxy */ = {
			isa = PBXContainerItemProxy;
			containerPortal = 00C302D31ABCB9D200DB3ED1 /* RCTNetwork.xcodeproj */;
			proxyType = 2;
			remoteGlobalIDString = 58B511DB1A9E6C8500147676;
			remoteInfo = RCTNetwork;
		};
		00C302E31ABCB9EE00DB3ED1 /* PBXContainerItemProxy */ = {
			isa = PBXContainerItemProxy;
			containerPortal = 00C302DF1ABCB9EE00DB3ED1 /* RCTVibration.xcodeproj */;
			proxyType = 2;
			remoteGlobalIDString = 832C81801AAF6DEF007FA2F7;
			remoteInfo = RCTVibration;
		};
		00E356F41AD99517003FC87E /* PBXContainerItemProxy */ = {
			isa = PBXContainerItemProxy;
			containerPortal = 83CBB9F71A601CBA00E9B192 /* Project object */;
			proxyType = 1;
			remoteGlobalIDString = 13B07F861A680F5B00A75B9A;
			remoteInfo = Crowdshot;
		};
		139105C01AF99BAD00B5F7CC /* PBXContainerItemProxy */ = {
			isa = PBXContainerItemProxy;
			containerPortal = 139105B61AF99BAD00B5F7CC /* RCTSettings.xcodeproj */;
			proxyType = 2;
			remoteGlobalIDString = 134814201AA4EA6300B7C361;
			remoteInfo = RCTSettings;
		};
		139FDEF31B06529B00C62182 /* PBXContainerItemProxy */ = {
			isa = PBXContainerItemProxy;
			containerPortal = 139FDEE61B06529A00C62182 /* RCTWebSocket.xcodeproj */;
			proxyType = 2;
			remoteGlobalIDString = 3C86DF461ADF2C930047B81A;
			remoteInfo = RCTWebSocket;
		};
		146834031AC3E56700842450 /* PBXContainerItemProxy */ = {
			isa = PBXContainerItemProxy;
			containerPortal = 146833FF1AC3E56700842450 /* React.xcodeproj */;
			proxyType = 2;
			remoteGlobalIDString = 83CBBA2E1A601D0E00E9B192;
			remoteInfo = React;
		};
		78C398B81ACF4ADC00677621 /* PBXContainerItemProxy */ = {
			isa = PBXContainerItemProxy;
			containerPortal = 78C398B01ACF4ADC00677621 /* RCTLinking.xcodeproj */;
			proxyType = 2;
			remoteGlobalIDString = 134814201AA4EA6300B7C361;
			remoteInfo = RCTLinking;
		};
		832341B41AAA6A8300B99B32 /* PBXContainerItemProxy */ = {
			isa = PBXContainerItemProxy;
			containerPortal = 832341B01AAA6A8300B99B32 /* RCTText.xcodeproj */;
			proxyType = 2;
			remoteGlobalIDString = 58B5119B1A9E6C1200147676;
			remoteInfo = RCTText;
		};
		BE01434B1DC923CB00681BEE /* PBXContainerItemProxy */ = {
			isa = PBXContainerItemProxy;
			containerPortal = 00C302BB1ABCB91800DB3ED1 /* RCTImage.xcodeproj */;
			proxyType = 2;
			remoteGlobalIDString = 2D2A283A1D9B042B00D4039D;
			remoteInfo = "RCTImage-tvOS";
		};
		BE01434F1DC923CB00681BEE /* PBXContainerItemProxy */ = {
			isa = PBXContainerItemProxy;
			containerPortal = 78C398B01ACF4ADC00677621 /* RCTLinking.xcodeproj */;
			proxyType = 2;
			remoteGlobalIDString = 2D2A28471D9B043800D4039D;
			remoteInfo = "RCTLinking-tvOS";
		};
		BE0143531DC923CB00681BEE /* PBXContainerItemProxy */ = {
			isa = PBXContainerItemProxy;
			containerPortal = 00C302D31ABCB9D200DB3ED1 /* RCTNetwork.xcodeproj */;
			proxyType = 2;
			remoteGlobalIDString = 2D2A28541D9B044C00D4039D;
			remoteInfo = "RCTNetwork-tvOS";
		};
		BE0143571DC923CB00681BEE /* PBXContainerItemProxy */ = {
			isa = PBXContainerItemProxy;
			containerPortal = 139105B61AF99BAD00B5F7CC /* RCTSettings.xcodeproj */;
			proxyType = 2;
			remoteGlobalIDString = 2D2A28611D9B046600D4039D;
			remoteInfo = "RCTSettings-tvOS";
		};
		BE01435B1DC923CB00681BEE /* PBXContainerItemProxy */ = {
			isa = PBXContainerItemProxy;
			containerPortal = 832341B01AAA6A8300B99B32 /* RCTText.xcodeproj */;
			proxyType = 2;
			remoteGlobalIDString = 2D2A287B1D9B048500D4039D;
			remoteInfo = "RCTText-tvOS";
		};
		BE0143601DC923CB00681BEE /* PBXContainerItemProxy */ = {
			isa = PBXContainerItemProxy;
			containerPortal = 139FDEE61B06529A00C62182 /* RCTWebSocket.xcodeproj */;
			proxyType = 2;
			remoteGlobalIDString = 2D2A28881D9B049200D4039D;
			remoteInfo = "RCTWebSocket-tvOS";
		};
		BE0143641DC923CB00681BEE /* PBXContainerItemProxy */ = {
			isa = PBXContainerItemProxy;
			containerPortal = 146833FF1AC3E56700842450 /* React.xcodeproj */;
			proxyType = 2;
			remoteGlobalIDString = 2D2A28131D9B038B00D4039D;
			remoteInfo = "React-tvOS";
		};
		BE0F42351DCAB067000AF9BD /* PBXContainerItemProxy */ = {
			isa = PBXContainerItemProxy;
			containerPortal = 0084B6406DCD4D7290316729 /* RCTCamera.xcodeproj */;
			proxyType = 2;
			remoteGlobalIDString = 4107012F1ACB723B00C6AA39;
			remoteInfo = RCTCamera;
		};
		BE0F42591DCAB08C000AF9BD /* PBXContainerItemProxy */ = {
			isa = PBXContainerItemProxy;
			containerPortal = 18BA65E40D9B4ADEBDFF42BB /* BVLinearGradient.xcodeproj */;
			proxyType = 2;
			remoteGlobalIDString = 134814201AA4EA6300B7C361;
			remoteInfo = BVLinearGradient;
		};
		BE0F76571DE69B11003D38AD /* PBXContainerItemProxy */ = {
			isa = PBXContainerItemProxy;
			containerPortal = BE0F764F1DE69B11003D38AD /* RCTCameraRoll.xcodeproj */;
			proxyType = 2;
			remoteGlobalIDString = 58B5115D1A9E6B3D00147676;
			remoteInfo = RCTCameraRoll;
		};
		BE0F76A71DE6A4A2003D38AD /* PBXContainerItemProxy */ = {
			isa = PBXContainerItemProxy;
			containerPortal = 2DCC635308784F1C8367F07B /* RNShare.xcodeproj */;
			proxyType = 2;
			remoteGlobalIDString = 134814201AA4EA6300B7C361;
			remoteInfo = RNShare;
		};
		BE1E1F7B1DC96D6F000D4DD2 /* PBXContainerItemProxy */ = {
			isa = PBXContainerItemProxy;
			containerPortal = 32A75BD704A14176ACEE1686 /* RNVectorIcons.xcodeproj */;
			proxyType = 2;
			remoteGlobalIDString = 5DBEB1501B18CEA900B34395;
			remoteInfo = RNVectorIcons;
		};
		BE6150DD1DF96D52004999BC /* PBXContainerItemProxy */ = {
			isa = PBXContainerItemProxy;
			containerPortal = BE6150D51DF96D52004999BC /* RCTAnimation.xcodeproj */;
			proxyType = 2;
			remoteGlobalIDString = 134814201AA4EA6300B7C361;
			remoteInfo = RCTAnimation;
		};
		BE6150DF1DF96D52004999BC /* PBXContainerItemProxy */ = {
			isa = PBXContainerItemProxy;
			containerPortal = BE6150D51DF96D52004999BC /* RCTAnimation.xcodeproj */;
			proxyType = 2;
			remoteGlobalIDString = 2D2A28201D9B03D100D4039D;
			remoteInfo = "RCTAnimation-tvOS";
		};
		BE6F3A1E1DCB1D5000E1C16C /* PBXContainerItemProxy */ = {
			isa = PBXContainerItemProxy;
			containerPortal = 95FFE22B614645FB845B74B3 /* RCTVideo.xcodeproj */;
			proxyType = 2;
			remoteGlobalIDString = 134814201AA4EA6300B7C361;
			remoteInfo = RCTVideo;
		};
		BE6F3A4C1DCB29A600E1C16C /* PBXContainerItemProxy */ = {
			isa = PBXContainerItemProxy;
			containerPortal = 46AD310AD791437D982C2DA5 /* RNBlur.xcodeproj */;
			proxyType = 2;
			remoteGlobalIDString = A68BD7BC1BC31318005F02DF;
			remoteInfo = RNBlur;
		};
		BE7A53321DE28A3700CF20D8 /* PBXContainerItemProxy */ = {
			isa = PBXContainerItemProxy;
			containerPortal = 73A5444F756F48F380DC4639 /* RNFIRMessaging.xcodeproj */;
			proxyType = 2;
			remoteGlobalIDString = 134814201AA4EA6300B7C361;
			remoteInfo = RNFIRMessaging;
		};
		BED93B411DC926AF00EF2203 /* PBXContainerItemProxy */ = {
			isa = PBXContainerItemProxy;
			containerPortal = F85B1752880645858DE8D625 /* RCTFBSDK.xcodeproj */;
			proxyType = 2;
			remoteGlobalIDString = 9350E0F11CE3B0920041D815;
			remoteInfo = RCTFBSDK;
		};
		DC65DF9D1DDABFB1006970DA /* PBXContainerItemProxy */ = {
			isa = PBXContainerItemProxy;
			containerPortal = DC65DF801DDABFB1006970DA /* RNGeocoder.xcodeproj */;
			proxyType = 2;
			remoteGlobalIDString = BF8FCF941BFFB184000FCD37;
			remoteInfo = RNGeocoder;
		};
		DC68B0C01DD00414009ED4D1 /* PBXContainerItemProxy */ = {
			isa = PBXContainerItemProxy;
			containerPortal = 38B051B472334682B874D0D1 /* ReactNativeIcons.xcodeproj */;
			proxyType = 2;
			remoteGlobalIDString = 2F5A3EB81ACDBF8000439386;
			remoteInfo = ReactNativeIcons;
		};
		DC68B0C41DD00414009ED4D1 /* PBXContainerItemProxy */ = {
			isa = PBXContainerItemProxy;
			containerPortal = 5CEDD2AAD3EF47838412F3DF /* RNFetchBlob.xcodeproj */;
			proxyType = 2;
			remoteGlobalIDString = A15C300E1CD25C330074CB35;
			remoteInfo = RNFetchBlob;
		};
		DC68B0DC1DD15B5C009ED4D1 /* PBXContainerItemProxy */ = {
			isa = PBXContainerItemProxy;
			containerPortal = D0DA520C94174F829DCC374F /* AirMaps.xcodeproj */;
			proxyType = 2;
			remoteGlobalIDString = 11FA5C511C4A1296003AC2EE;
			remoteInfo = AirMaps;
		};
		DCCEA2A21DF2C061000A129A /* PBXContainerItemProxy */ = {
			isa = PBXContainerItemProxy;
			containerPortal = 1DF5F90B631141089B8061D0 /* RCTBEEPickerManager.xcodeproj */;
			proxyType = 2;
			remoteGlobalIDString = 17D41E551D7EE0CA0031415E;
			remoteInfo = RCTBEEPickerManager;
		};
/* End PBXContainerItemProxy section */

/* Begin PBXFileReference section */
		0084B6406DCD4D7290316729 /* RCTCamera.xcodeproj */ = {isa = PBXFileReference; explicitFileType = undefined; fileEncoding = 9; includeInIndex = 0; lastKnownFileType = "wrapper.pb-project"; name = RCTCamera.xcodeproj; path = "../node_modules/react-native-camera/ios/RCTCamera.xcodeproj"; sourceTree = "<group>"; };
		008F07F21AC5B25A0029DE68 /* main.jsbundle */ = {isa = PBXFileReference; fileEncoding = 4; lastKnownFileType = text; path = main.jsbundle; sourceTree = "<group>"; };
		00C302A71ABCB8CE00DB3ED1 /* RCTActionSheet.xcodeproj */ = {isa = PBXFileReference; lastKnownFileType = "wrapper.pb-project"; name = RCTActionSheet.xcodeproj; path = "../node_modules/react-native/Libraries/ActionSheetIOS/RCTActionSheet.xcodeproj"; sourceTree = "<group>"; };
		00C302B51ABCB90400DB3ED1 /* RCTGeolocation.xcodeproj */ = {isa = PBXFileReference; lastKnownFileType = "wrapper.pb-project"; name = RCTGeolocation.xcodeproj; path = "../node_modules/react-native/Libraries/Geolocation/RCTGeolocation.xcodeproj"; sourceTree = "<group>"; };
		00C302BB1ABCB91800DB3ED1 /* RCTImage.xcodeproj */ = {isa = PBXFileReference; lastKnownFileType = "wrapper.pb-project"; name = RCTImage.xcodeproj; path = "../node_modules/react-native/Libraries/Image/RCTImage.xcodeproj"; sourceTree = "<group>"; };
		00C302D31ABCB9D200DB3ED1 /* RCTNetwork.xcodeproj */ = {isa = PBXFileReference; lastKnownFileType = "wrapper.pb-project"; name = RCTNetwork.xcodeproj; path = "../node_modules/react-native/Libraries/Network/RCTNetwork.xcodeproj"; sourceTree = "<group>"; };
		00C302DF1ABCB9EE00DB3ED1 /* RCTVibration.xcodeproj */ = {isa = PBXFileReference; lastKnownFileType = "wrapper.pb-project"; name = RCTVibration.xcodeproj; path = "../node_modules/react-native/Libraries/Vibration/RCTVibration.xcodeproj"; sourceTree = "<group>"; };
		00E356EE1AD99517003FC87E /* crowdshotTests.xctest */ = {isa = PBXFileReference; explicitFileType = wrapper.cfbundle; includeInIndex = 0; path = crowdshotTests.xctest; sourceTree = BUILT_PRODUCTS_DIR; };
		00E356F11AD99517003FC87E /* Info.plist */ = {isa = PBXFileReference; lastKnownFileType = text.plist.xml; path = Info.plist; sourceTree = "<group>"; };
		00E356F21AD99517003FC87E /* crowdshotTests.m */ = {isa = PBXFileReference; lastKnownFileType = sourcecode.c.objc; path = crowdshotTests.m; sourceTree = "<group>"; };
		02F3AC37C8E57BB0F4B57227 /* Pods-crowdshotTests.release.xcconfig */ = {isa = PBXFileReference; includeInIndex = 1; lastKnownFileType = text.xcconfig; name = "Pods-crowdshotTests.release.xcconfig"; path = "Pods/Target Support Files/Pods-crowdshotTests/Pods-crowdshotTests.release.xcconfig"; sourceTree = "<group>"; };
		0621ED0F83C3445499D0A02E /* Entypo.ttf */ = {isa = PBXFileReference; explicitFileType = undefined; fileEncoding = 9; includeInIndex = 0; lastKnownFileType = unknown; name = Entypo.ttf; path = "../node_modules/react-native-vector-icons/Fonts/Entypo.ttf"; sourceTree = "<group>"; };
		139105B61AF99BAD00B5F7CC /* RCTSettings.xcodeproj */ = {isa = PBXFileReference; lastKnownFileType = "wrapper.pb-project"; name = RCTSettings.xcodeproj; path = "../node_modules/react-native/Libraries/Settings/RCTSettings.xcodeproj"; sourceTree = "<group>"; };
		139FDEE61B06529A00C62182 /* RCTWebSocket.xcodeproj */ = {isa = PBXFileReference; lastKnownFileType = "wrapper.pb-project"; name = RCTWebSocket.xcodeproj; path = "../node_modules/react-native/Libraries/WebSocket/RCTWebSocket.xcodeproj"; sourceTree = "<group>"; };
		13B07F961A680F5B00A75B9A /* crowdshot.app */ = {isa = PBXFileReference; explicitFileType = wrapper.application; includeInIndex = 0; name = crowdshot.app; path = Crowdshot.app; sourceTree = BUILT_PRODUCTS_DIR; };
		13B07FAF1A68108700A75B9A /* AppDelegate.h */ = {isa = PBXFileReference; fileEncoding = 4; lastKnownFileType = sourcecode.c.h; name = AppDelegate.h; path = crowdshot/AppDelegate.h; sourceTree = "<group>"; };
		13B07FB01A68108700A75B9A /* AppDelegate.m */ = {isa = PBXFileReference; fileEncoding = 4; lastKnownFileType = sourcecode.c.objc; name = AppDelegate.m; path = crowdshot/AppDelegate.m; sourceTree = "<group>"; };
		13B07FB21A68108700A75B9A /* Base */ = {isa = PBXFileReference; lastKnownFileType = file.xib; name = Base; path = Base.lproj/LaunchScreen.xib; sourceTree = "<group>"; };
		13B07FB51A68108700A75B9A /* Images.xcassets */ = {isa = PBXFileReference; lastKnownFileType = folder.assetcatalog; name = Images.xcassets; path = crowdshot/Images.xcassets; sourceTree = "<group>"; };
		13B07FB61A68108700A75B9A /* Info.plist */ = {isa = PBXFileReference; fileEncoding = 4; lastKnownFileType = text.plist.xml; name = Info.plist; path = crowdshot/Info.plist; sourceTree = "<group>"; };
		13B07FB71A68108700A75B9A /* main.m */ = {isa = PBXFileReference; fileEncoding = 4; lastKnownFileType = sourcecode.c.objc; name = main.m; path = crowdshot/main.m; sourceTree = "<group>"; };
		146833FF1AC3E56700842450 /* React.xcodeproj */ = {isa = PBXFileReference; lastKnownFileType = "wrapper.pb-project"; name = React.xcodeproj; path = "../node_modules/react-native/React/React.xcodeproj"; sourceTree = "<group>"; };
		18BA65E40D9B4ADEBDFF42BB /* BVLinearGradient.xcodeproj */ = {isa = PBXFileReference; explicitFileType = undefined; fileEncoding = 9; includeInIndex = 0; lastKnownFileType = "wrapper.pb-project"; name = BVLinearGradient.xcodeproj; path = "../node_modules/react-native-linear-gradient/BVLinearGradient.xcodeproj"; sourceTree = "<group>"; };
		1DF5F90B631141089B8061D0 /* RCTBEEPickerManager.xcodeproj */ = {isa = PBXFileReference; explicitFileType = undefined; fileEncoding = 9; includeInIndex = 0; lastKnownFileType = "wrapper.pb-project"; name = RCTBEEPickerManager.xcodeproj; path = "../node_modules/react-native-picker/ios/RCTBEEPickerManager.xcodeproj"; sourceTree = "<group>"; };
		22FD8F84F756419CAB15E7F4 /* SimpleLineIcons.ttf */ = {isa = PBXFileReference; explicitFileType = undefined; fileEncoding = 9; includeInIndex = 0; lastKnownFileType = unknown; name = SimpleLineIcons.ttf; path = "../node_modules/react-native-vector-icons/Fonts/SimpleLineIcons.ttf"; sourceTree = "<group>"; };
		27447B0ABA854CADAFF4F95E /* libRCTFBSDK.a */ = {isa = PBXFileReference; explicitFileType = undefined; fileEncoding = 9; includeInIndex = 0; lastKnownFileType = archive.ar; path = libRCTFBSDK.a; sourceTree = "<group>"; };
		2C778FCB9DC34821945104E9 /* MaterialIcons.ttf */ = {isa = PBXFileReference; explicitFileType = undefined; fileEncoding = 9; includeInIndex = 0; lastKnownFileType = unknown; name = MaterialIcons.ttf; path = "../node_modules/react-native-vector-icons/Fonts/MaterialIcons.ttf"; sourceTree = "<group>"; };
		2DCC635308784F1C8367F07B /* RNShare.xcodeproj */ = {isa = PBXFileReference; explicitFileType = undefined; fileEncoding = 9; includeInIndex = 0; lastKnownFileType = "wrapper.pb-project"; name = RNShare.xcodeproj; path = "../node_modules/react-native-share/ios/RNShare.xcodeproj"; sourceTree = "<group>"; };
		2E0FB04E7AD747B992516BC2 /* Zocial.ttf */ = {isa = PBXFileReference; explicitFileType = undefined; fileEncoding = 9; includeInIndex = 0; lastKnownFileType = unknown; name = Zocial.ttf; path = "../node_modules/react-native-vector-icons/Fonts/Zocial.ttf"; sourceTree = "<group>"; };
		32A75BD704A14176ACEE1686 /* RNVectorIcons.xcodeproj */ = {isa = PBXFileReference; explicitFileType = undefined; fileEncoding = 9; includeInIndex = 0; lastKnownFileType = "wrapper.pb-project"; name = RNVectorIcons.xcodeproj; path = "../node_modules/react-native-vector-icons/RNVectorIcons.xcodeproj"; sourceTree = "<group>"; };
		38B051B472334682B874D0D1 /* ReactNativeIcons.xcodeproj */ = {isa = PBXFileReference; explicitFileType = undefined; fileEncoding = 9; includeInIndex = 0; lastKnownFileType = "wrapper.pb-project"; name = ReactNativeIcons.xcodeproj; path = "../node_modules/react-native-icons/ios/ReactNativeIcons.xcodeproj"; sourceTree = "<group>"; };
		3C794A1C407B40A19B54DE99 /* libBVLinearGradient.a */ = {isa = PBXFileReference; explicitFileType = undefined; fileEncoding = 9; includeInIndex = 0; lastKnownFileType = archive.ar; path = libBVLinearGradient.a; sourceTree = "<group>"; };
		45CD010AE51146D7AB51DDEF /* Ionicons.ttf */ = {isa = PBXFileReference; explicitFileType = undefined; fileEncoding = 9; includeInIndex = 0; lastKnownFileType = unknown; name = Ionicons.ttf; path = "../node_modules/react-native-vector-icons/Fonts/Ionicons.ttf"; sourceTree = "<group>"; };
		46AD310AD791437D982C2DA5 /* RNBlur.xcodeproj */ = {isa = PBXFileReference; explicitFileType = undefined; fileEncoding = 9; includeInIndex = 0; lastKnownFileType = "wrapper.pb-project"; name = RNBlur.xcodeproj; path = "../node_modules/react-native-blur/ios/RNBlur.xcodeproj"; sourceTree = "<group>"; };
		5AC719C934D24270B9ACA18D /* libRCTBEEPickerManager.a */ = {isa = PBXFileReference; explicitFileType = undefined; fileEncoding = 9; includeInIndex = 0; lastKnownFileType = archive.ar; path = libRCTBEEPickerManager.a; sourceTree = "<group>"; };
		5C2DA796BFB24341AC81F7CB /* libRNBlur.a */ = {isa = PBXFileReference; explicitFileType = undefined; fileEncoding = 9; includeInIndex = 0; lastKnownFileType = archive.ar; path = libRNBlur.a; sourceTree = "<group>"; };
		5CEDD2AAD3EF47838412F3DF /* RNFetchBlob.xcodeproj */ = {isa = PBXFileReference; explicitFileType = undefined; fileEncoding = 9; includeInIndex = 0; lastKnownFileType = "wrapper.pb-project"; name = RNFetchBlob.xcodeproj; path = "../node_modules/react-native-fetch-blob/ios/RNFetchBlob.xcodeproj"; sourceTree = "<group>"; };
		60A89EEB125F4A51B48C99B8 /* libRCTVideo.a */ = {isa = PBXFileReference; explicitFileType = undefined; fileEncoding = 9; includeInIndex = 0; lastKnownFileType = archive.ar; path = libRCTVideo.a; sourceTree = "<group>"; };
		6664F9F8CD9D46208C9B392A /* Foundation.ttf */ = {isa = PBXFileReference; explicitFileType = undefined; fileEncoding = 9; includeInIndex = 0; lastKnownFileType = unknown; name = Foundation.ttf; path = "../node_modules/react-native-vector-icons/Fonts/Foundation.ttf"; sourceTree = "<group>"; };
		73A5444F756F48F380DC4639 /* RNFIRMessaging.xcodeproj */ = {isa = PBXFileReference; explicitFileType = undefined; fileEncoding = 9; includeInIndex = 0; lastKnownFileType = "wrapper.pb-project"; name = RNFIRMessaging.xcodeproj; path = "../node_modules/react-native-fcm/ios/RNFIRMessaging.xcodeproj"; sourceTree = "<group>"; };
		78C398B01ACF4ADC00677621 /* RCTLinking.xcodeproj */ = {isa = PBXFileReference; lastKnownFileType = "wrapper.pb-project"; name = RCTLinking.xcodeproj; path = "../node_modules/react-native/Libraries/LinkingIOS/RCTLinking.xcodeproj"; sourceTree = "<group>"; };
		793D6795CDD9F4C735FA96CE /* Pods-crowdshot.debug.xcconfig */ = {isa = PBXFileReference; includeInIndex = 1; lastKnownFileType = text.xcconfig; name = "Pods-crowdshot.debug.xcconfig"; path = "Pods/Target Support Files/Pods-crowdshot/Pods-crowdshot.debug.xcconfig"; sourceTree = "<group>"; };
		832341B01AAA6A8300B99B32 /* RCTText.xcodeproj */ = {isa = PBXFileReference; lastKnownFileType = "wrapper.pb-project"; name = RCTText.xcodeproj; path = "../node_modules/react-native/Libraries/Text/RCTText.xcodeproj"; sourceTree = "<group>"; };
		8459C0063C0D455CB3312D8A /* libRNShare.a */ = {isa = PBXFileReference; explicitFileType = undefined; fileEncoding = 9; includeInIndex = 0; lastKnownFileType = archive.ar; path = libRNShare.a; sourceTree = "<group>"; };
		85F14BE3F3D747DFBF4A2AC6 /* FontAwesome.ttf */ = {isa = PBXFileReference; explicitFileType = undefined; fileEncoding = 9; includeInIndex = 0; lastKnownFileType = unknown; name = FontAwesome.ttf; path = "../node_modules/react-native-vector-icons/Fonts/FontAwesome.ttf"; sourceTree = "<group>"; };
		9132AF949E9B4CD5B42A8129 /* libRNFetchBlob.a */ = {isa = PBXFileReference; explicitFileType = undefined; fileEncoding = 9; includeInIndex = 0; lastKnownFileType = archive.ar; path = libRNFetchBlob.a; sourceTree = "<group>"; };
		9412CF190C5A4F6A89100472 /* libAirMaps.a */ = {isa = PBXFileReference; explicitFileType = undefined; fileEncoding = 9; includeInIndex = 0; lastKnownFileType = archive.ar; path = libAirMaps.a; sourceTree = "<group>"; };
		95FFE22B614645FB845B74B3 /* RCTVideo.xcodeproj */ = {isa = PBXFileReference; explicitFileType = undefined; fileEncoding = 9; includeInIndex = 0; lastKnownFileType = "wrapper.pb-project"; name = RCTVideo.xcodeproj; path = "../node_modules/react-native-video/RCTVideo.xcodeproj"; sourceTree = "<group>"; };
		9985555E80164971A30A33FE /* libRCTCamera.a */ = {isa = PBXFileReference; explicitFileType = undefined; fileEncoding = 9; includeInIndex = 0; lastKnownFileType = archive.ar; path = libRCTCamera.a; sourceTree = "<group>"; };
		9BEC93596F4A4ADA80BA1FD5 /* libRNVectorIcons.a */ = {isa = PBXFileReference; explicitFileType = undefined; fileEncoding = 9; includeInIndex = 0; lastKnownFileType = archive.ar; path = libRNVectorIcons.a; sourceTree = "<group>"; };
		A938785A7CD4A8573077EF78 /* Pods-crowdshot.release.xcconfig */ = {isa = PBXFileReference; includeInIndex = 1; lastKnownFileType = text.xcconfig; name = "Pods-crowdshot.release.xcconfig"; path = "Pods/Target Support Files/Pods-crowdshot/Pods-crowdshot.release.xcconfig"; sourceTree = "<group>"; };
		B597872D4F5E4EECB0E4E88B /* libReactNativeIcons.a */ = {isa = PBXFileReference; explicitFileType = undefined; fileEncoding = 9; includeInIndex = 0; lastKnownFileType = archive.ar; path = libReactNativeIcons.a; sourceTree = "<group>"; };
		BE0F764F1DE69B11003D38AD /* RCTCameraRoll.xcodeproj */ = {isa = PBXFileReference; lastKnownFileType = "wrapper.pb-project"; name = RCTCameraRoll.xcodeproj; path = "../node_modules/react-native/Libraries/CameraRoll/RCTCameraRoll.xcodeproj"; sourceTree = "<group>"; };
		BE6150D51DF96D52004999BC /* RCTAnimation.xcodeproj */ = {isa = PBXFileReference; lastKnownFileType = "wrapper.pb-project"; name = RCTAnimation.xcodeproj; path = "../node_modules/react-native/Libraries/NativeAnimation/RCTAnimation.xcodeproj"; sourceTree = "<group>"; };
		BE622B231DC92B410021F735 /* Bolts.framework */ = {isa = PBXFileReference; lastKnownFileType = wrapper.framework; name = Bolts.framework; path = ../../../Documents/FacebookSDK/Bolts.framework; sourceTree = "<group>"; };
		BE622B241DC92B410021F735 /* FBSDKCoreKit.framework */ = {isa = PBXFileReference; lastKnownFileType = wrapper.framework; name = FBSDKCoreKit.framework; path = ../../../Documents/FacebookSDK/FBSDKCoreKit.framework; sourceTree = "<group>"; };
		BE622B251DC92B410021F735 /* FBSDKLoginKit.framework */ = {isa = PBXFileReference; lastKnownFileType = wrapper.framework; name = FBSDKLoginKit.framework; path = ../../../Documents/FacebookSDK/FBSDKLoginKit.framework; sourceTree = "<group>"; };
		BE622B261DC92B410021F735 /* FBSDKShareKit.framework */ = {isa = PBXFileReference; lastKnownFileType = wrapper.framework; name = FBSDKShareKit.framework; path = ../../../Documents/FacebookSDK/FBSDKShareKit.framework; sourceTree = "<group>"; };
		BE7A53361DE28C1700CF20D8 /* GoogleService-Info.plist */ = {isa = PBXFileReference; fileEncoding = 4; lastKnownFileType = text.plist.xml; path = "GoogleService-Info.plist"; sourceTree = "<group>"; };
		BEB0C2E81E07B19100D0C126 /* AIRGMSMarker.h */ = {isa = PBXFileReference; fileEncoding = 4; lastKnownFileType = sourcecode.c.h; path = AIRGMSMarker.h; sourceTree = "<group>"; };
		BEB0C2E91E07B19100D0C126 /* AIRGMSMarker.m */ = {isa = PBXFileReference; fileEncoding = 4; lastKnownFileType = sourcecode.c.objc; path = AIRGMSMarker.m; sourceTree = "<group>"; };
		BEB0C2EA1E07B19100D0C126 /* AIRGoogleMap.h */ = {isa = PBXFileReference; fileEncoding = 4; lastKnownFileType = sourcecode.c.h; path = AIRGoogleMap.h; sourceTree = "<group>"; };
		BEB0C2EB1E07B19100D0C126 /* AIRGoogleMap.m */ = {isa = PBXFileReference; fileEncoding = 4; lastKnownFileType = sourcecode.c.objc; path = AIRGoogleMap.m; sourceTree = "<group>"; };
		BEB0C2EC1E07B19100D0C126 /* AIRGoogleMapCallout.h */ = {isa = PBXFileReference; fileEncoding = 4; lastKnownFileType = sourcecode.c.h; path = AIRGoogleMapCallout.h; sourceTree = "<group>"; };
		BEB0C2ED1E07B19100D0C126 /* AIRGoogleMapCallout.m */ = {isa = PBXFileReference; fileEncoding = 4; lastKnownFileType = sourcecode.c.objc; path = AIRGoogleMapCallout.m; sourceTree = "<group>"; };
		BEB0C2EE1E07B19100D0C126 /* AIRGoogleMapCalloutManager.h */ = {isa = PBXFileReference; fileEncoding = 4; lastKnownFileType = sourcecode.c.h; path = AIRGoogleMapCalloutManager.h; sourceTree = "<group>"; };
		BEB0C2EF1E07B19100D0C126 /* AIRGoogleMapCalloutManager.m */ = {isa = PBXFileReference; fileEncoding = 4; lastKnownFileType = sourcecode.c.objc; path = AIRGoogleMapCalloutManager.m; sourceTree = "<group>"; };
		BEB0C2F01E07B19100D0C126 /* AIRGoogleMapCircle.h */ = {isa = PBXFileReference; fileEncoding = 4; lastKnownFileType = sourcecode.c.h; path = AIRGoogleMapCircle.h; sourceTree = "<group>"; };
		BEB0C2F11E07B19100D0C126 /* AIRGoogleMapCircle.m */ = {isa = PBXFileReference; fileEncoding = 4; lastKnownFileType = sourcecode.c.objc; path = AIRGoogleMapCircle.m; sourceTree = "<group>"; };
		BEB0C2F21E07B19100D0C126 /* AIRGoogleMapCircleManager.h */ = {isa = PBXFileReference; fileEncoding = 4; lastKnownFileType = sourcecode.c.h; path = AIRGoogleMapCircleManager.h; sourceTree = "<group>"; };
		BEB0C2F31E07B19100D0C126 /* AIRGoogleMapCircleManager.m */ = {isa = PBXFileReference; fileEncoding = 4; lastKnownFileType = sourcecode.c.objc; path = AIRGoogleMapCircleManager.m; sourceTree = "<group>"; };
		BEB0C2F41E07B19100D0C126 /* AIRGoogleMapManager.h */ = {isa = PBXFileReference; fileEncoding = 4; lastKnownFileType = sourcecode.c.h; path = AIRGoogleMapManager.h; sourceTree = "<group>"; };
		BEB0C2F51E07B19100D0C126 /* AIRGoogleMapManager.m */ = {isa = PBXFileReference; fileEncoding = 4; lastKnownFileType = sourcecode.c.objc; path = AIRGoogleMapManager.m; sourceTree = "<group>"; };
		BEB0C2F61E07B19100D0C126 /* AIRGoogleMapMarker.h */ = {isa = PBXFileReference; fileEncoding = 4; lastKnownFileType = sourcecode.c.h; path = AIRGoogleMapMarker.h; sourceTree = "<group>"; };
		BEB0C2F71E07B19100D0C126 /* AIRGoogleMapMarker.m */ = {isa = PBXFileReference; fileEncoding = 4; lastKnownFileType = sourcecode.c.objc; path = AIRGoogleMapMarker.m; sourceTree = "<group>"; };
		BEB0C2F81E07B19100D0C126 /* AIRGoogleMapMarkerManager.h */ = {isa = PBXFileReference; fileEncoding = 4; lastKnownFileType = sourcecode.c.h; path = AIRGoogleMapMarkerManager.h; sourceTree = "<group>"; };
		BEB0C2F91E07B19100D0C126 /* AIRGoogleMapMarkerManager.m */ = {isa = PBXFileReference; fileEncoding = 4; lastKnownFileType = sourcecode.c.objc; path = AIRGoogleMapMarkerManager.m; sourceTree = "<group>"; };
		BEB0C2FA1E07B19100D0C126 /* AIRGoogleMapPolygon.h */ = {isa = PBXFileReference; fileEncoding = 4; lastKnownFileType = sourcecode.c.h; path = AIRGoogleMapPolygon.h; sourceTree = "<group>"; };
		BEB0C2FB1E07B19100D0C126 /* AIRGoogleMapPolygon.m */ = {isa = PBXFileReference; fileEncoding = 4; lastKnownFileType = sourcecode.c.objc; path = AIRGoogleMapPolygon.m; sourceTree = "<group>"; };
		BEB0C2FC1E07B19100D0C126 /* AIRGoogleMapPolygonManager.h */ = {isa = PBXFileReference; fileEncoding = 4; lastKnownFileType = sourcecode.c.h; path = AIRGoogleMapPolygonManager.h; sourceTree = "<group>"; };
		BEB0C2FD1E07B19100D0C126 /* AIRGoogleMapPolygonManager.m */ = {isa = PBXFileReference; fileEncoding = 4; lastKnownFileType = sourcecode.c.objc; path = AIRGoogleMapPolygonManager.m; sourceTree = "<group>"; };
		BEB0C2FE1E07B19100D0C126 /* AIRGoogleMapPolyline.h */ = {isa = PBXFileReference; fileEncoding = 4; lastKnownFileType = sourcecode.c.h; path = AIRGoogleMapPolyline.h; sourceTree = "<group>"; };
		BEB0C2FF1E07B19100D0C126 /* AIRGoogleMapPolyline.m */ = {isa = PBXFileReference; fileEncoding = 4; lastKnownFileType = sourcecode.c.objc; path = AIRGoogleMapPolyline.m; sourceTree = "<group>"; };
		BEB0C3001E07B19100D0C126 /* AIRGoogleMapPolylineManager.h */ = {isa = PBXFileReference; fileEncoding = 4; lastKnownFileType = sourcecode.c.h; path = AIRGoogleMapPolylineManager.h; sourceTree = "<group>"; };
		BEB0C3011E07B19100D0C126 /* AIRGoogleMapPolylineManager.m */ = {isa = PBXFileReference; fileEncoding = 4; lastKnownFileType = sourcecode.c.objc; path = AIRGoogleMapPolylineManager.m; sourceTree = "<group>"; };
		BEB0C3021E07B19100D0C126 /* AIRGoogleMapUrlTile.h */ = {isa = PBXFileReference; fileEncoding = 4; lastKnownFileType = sourcecode.c.h; path = AIRGoogleMapUrlTile.h; sourceTree = "<group>"; };
		BEB0C3031E07B19100D0C126 /* AIRGoogleMapUrlTile.m */ = {isa = PBXFileReference; fileEncoding = 4; lastKnownFileType = sourcecode.c.objc; path = AIRGoogleMapUrlTile.m; sourceTree = "<group>"; };
		BEB0C3041E07B19100D0C126 /* AIRGoogleMapUrlTileManager.h */ = {isa = PBXFileReference; fileEncoding = 4; lastKnownFileType = sourcecode.c.h; path = AIRGoogleMapUrlTileManager.h; sourceTree = "<group>"; };
		BEB0C3051E07B19100D0C126 /* AIRGoogleMapURLTileManager.m */ = {isa = PBXFileReference; fileEncoding = 4; lastKnownFileType = sourcecode.c.objc; path = AIRGoogleMapURLTileManager.m; sourceTree = "<group>"; };
		BEB0C3061E07B19100D0C126 /* DummyView.h */ = {isa = PBXFileReference; fileEncoding = 4; lastKnownFileType = sourcecode.c.h; path = DummyView.h; sourceTree = "<group>"; };
		BEB0C3071E07B19100D0C126 /* DummyView.m */ = {isa = PBXFileReference; fileEncoding = 4; lastKnownFileType = sourcecode.c.objc; path = DummyView.m; sourceTree = "<group>"; };
		BEB0C3081E07B19100D0C126 /* RCTConvert+GMSMapViewType.h */ = {isa = PBXFileReference; fileEncoding = 4; lastKnownFileType = sourcecode.c.h; path = "RCTConvert+GMSMapViewType.h"; sourceTree = "<group>"; };
		BEB0C3091E07B19100D0C126 /* RCTConvert+GMSMapViewType.m */ = {isa = PBXFileReference; fileEncoding = 4; lastKnownFileType = sourcecode.c.objc; path = "RCTConvert+GMSMapViewType.m"; sourceTree = "<group>"; };
		C596A878D60B484D889802E8 /* libRNFIRMessaging.a */ = {isa = PBXFileReference; explicitFileType = undefined; fileEncoding = 9; includeInIndex = 0; lastKnownFileType = archive.ar; path = libRNFIRMessaging.a; sourceTree = "<group>"; };
		CDB6F2843D5B151B017050E5 /* Pods-crowdshotTests.debug.xcconfig */ = {isa = PBXFileReference; includeInIndex = 1; lastKnownFileType = text.xcconfig; name = "Pods-crowdshotTests.debug.xcconfig"; path = "Pods/Target Support Files/Pods-crowdshotTests/Pods-crowdshotTests.debug.xcconfig"; sourceTree = "<group>"; };
		D0DA520C94174F829DCC374F /* AirMaps.xcodeproj */ = {isa = PBXFileReference; explicitFileType = undefined; fileEncoding = 9; includeInIndex = 0; lastKnownFileType = "wrapper.pb-project"; name = AirMaps.xcodeproj; path = "../node_modules/react-native-maps/ios/AirMaps.xcodeproj"; sourceTree = "<group>"; };
		D693BA1AD0DA4FAAB7F09EFC /* Octicons.ttf */ = {isa = PBXFileReference; explicitFileType = undefined; fileEncoding = 9; includeInIndex = 0; lastKnownFileType = unknown; name = Octicons.ttf; path = "../node_modules/react-native-vector-icons/Fonts/Octicons.ttf"; sourceTree = "<group>"; };
		DC65DF801DDABFB1006970DA /* RNGeocoder.xcodeproj */ = {isa = PBXFileReference; lastKnownFileType = "wrapper.pb-project"; name = RNGeocoder.xcodeproj; path = "../node_modules/react-native-geocoder/ios/RNGeocoder.xcodeproj"; sourceTree = "<group>"; };
		DCD41A2F1DCDA6DC0010CA94 /* crowdshot.entitlements */ = {isa = PBXFileReference; lastKnownFileType = text.plist.entitlements; name = crowdshot.entitlements; path = crowdshot/crowdshot.entitlements; sourceTree = "<group>"; };
		E9D474A09DC0BBD0EDBDA9D8 /* Pods_crowdshot.framework */ = {isa = PBXFileReference; explicitFileType = wrapper.framework; includeInIndex = 0; path = Pods_crowdshot.framework; sourceTree = BUILT_PRODUCTS_DIR; };
		EF5C4891AE68CD6EC29A92E6 /* Pods_crowdshotTests.framework */ = {isa = PBXFileReference; explicitFileType = wrapper.framework; includeInIndex = 0; path = Pods_crowdshotTests.framework; sourceTree = BUILT_PRODUCTS_DIR; };
		F7482DC7B0E94F2EB7DD08E1 /* EvilIcons.ttf */ = {isa = PBXFileReference; explicitFileType = undefined; fileEncoding = 9; includeInIndex = 0; lastKnownFileType = unknown; name = EvilIcons.ttf; path = "../node_modules/react-native-vector-icons/Fonts/EvilIcons.ttf"; sourceTree = "<group>"; };
		F85B1752880645858DE8D625 /* RCTFBSDK.xcodeproj */ = {isa = PBXFileReference; explicitFileType = undefined; fileEncoding = 9; includeInIndex = 0; lastKnownFileType = "wrapper.pb-project"; name = RCTFBSDK.xcodeproj; path = "../node_modules/react-native-fbsdk/ios/RCTFBSDK.xcodeproj"; sourceTree = "<group>"; };
/* End PBXFileReference section */

/* Begin PBXFrameworksBuildPhase section */
		00E356EB1AD99517003FC87E /* Frameworks */ = {
			isa = PBXFrameworksBuildPhase;
			buildActionMask = 2147483647;
			files = (
				140ED2AC1D01E1AD002B40FF /* libReact.a in Frameworks */,
				21F81FE1891A4918FDD8E4F8 /* Pods_crowdshotTests.framework in Frameworks */,
			);
			runOnlyForDeploymentPostprocessing = 0;
		};
		13B07F8C1A680F5B00A75B9A /* Frameworks */ = {
			isa = PBXFrameworksBuildPhase;
			buildActionMask = 2147483647;
			files = (
				BE6150FD1DF96D5F004999BC /* libRCTAnimation.a in Frameworks */,
				BE0F76711DE69B25003D38AD /* libRCTCameraRoll.a in Frameworks */,
				DC65DFA01DDABFF3006970DA /* libRNGeocoder.a in Frameworks */,
				146834051AC3E58100842450 /* libReact.a in Frameworks */,
				00C302E51ABCBA2D00DB3ED1 /* libRCTActionSheet.a in Frameworks */,
				BE622B2A1DC92B410021F735 /* FBSDKShareKit.framework in Frameworks */,
				00C302E71ABCBA2D00DB3ED1 /* libRCTGeolocation.a in Frameworks */,
				BE622B271DC92B410021F735 /* Bolts.framework in Frameworks */,
				BE622B291DC92B410021F735 /* FBSDKLoginKit.framework in Frameworks */,
				00C302E81ABCBA2D00DB3ED1 /* libRCTImage.a in Frameworks */,
				133E29F31AD74F7200F7D852 /* libRCTLinking.a in Frameworks */,
				00C302E91ABCBA2D00DB3ED1 /* libRCTNetwork.a in Frameworks */,
				139105C61AF99C1200B5F7CC /* libRCTSettings.a in Frameworks */,
				BE622B281DC92B410021F735 /* FBSDKCoreKit.framework in Frameworks */,
				832341BD1AAA6AB300B99B32 /* libRCTText.a in Frameworks */,
				00C302EA1ABCBA2D00DB3ED1 /* libRCTVibration.a in Frameworks */,
				139FDEF61B0652A700C62182 /* libRCTWebSocket.a in Frameworks */,
				D18A801F541F498FADE656BE /* libRCTFBSDK.a in Frameworks */,
				9EEA18737FE84D70AC3A8FD5 /* libRNVectorIcons.a in Frameworks */,
				F6B5D19D3F9F4D16A43F5D28 /* libRCTCamera.a in Frameworks */,
				F719B1FB235B4C4085356237 /* libBVLinearGradient.a in Frameworks */,
				6A00A69BCF064F7DB6272925 /* libRCTVideo.a in Frameworks */,
				3B6E56A0A9C74846AD6C95DA /* libRNBlur.a in Frameworks */,
				834ADD3428D74F1883E35F67 /* libRNFetchBlob.a in Frameworks */,
				C6ECF2145EFF4FBE8E500E8A /* libReactNativeIcons.a in Frameworks */,
				CE5AD4D340CF410B8108BDA0 /* libAirMaps.a in Frameworks */,
				7A3B182762074F7D9B592DD3 /* libRNFIRMessaging.a in Frameworks */,
				239EDC34205AA3E14C646EC7 /* Pods_crowdshot.framework in Frameworks */,
				3001CA55DCB44BF385171312 /* libRNShare.a in Frameworks */,
				1B4AF3E1D71F4B029982477F /* libRCTBEEPickerManager.a in Frameworks */,
			);
			runOnlyForDeploymentPostprocessing = 0;
		};
/* End PBXFrameworksBuildPhase section */

/* Begin PBXGroup section */
		00C302A81ABCB8CE00DB3ED1 /* Products */ = {
			isa = PBXGroup;
			children = (
				00C302AC1ABCB8CE00DB3ED1 /* libRCTActionSheet.a */,
			);
			name = Products;
			sourceTree = "<group>";
		};
		00C302B61ABCB90400DB3ED1 /* Products */ = {
			isa = PBXGroup;
			children = (
				00C302BA1ABCB90400DB3ED1 /* libRCTGeolocation.a */,
			);
			name = Products;
			sourceTree = "<group>";
		};
		00C302BC1ABCB91800DB3ED1 /* Products */ = {
			isa = PBXGroup;
			children = (
				00C302C01ABCB91800DB3ED1 /* libRCTImage.a */,
				BE01434C1DC923CB00681BEE /* libRCTImage-tvOS.a */,
			);
			name = Products;
			sourceTree = "<group>";
		};
		00C302D41ABCB9D200DB3ED1 /* Products */ = {
			isa = PBXGroup;
			children = (
				00C302DC1ABCB9D200DB3ED1 /* libRCTNetwork.a */,
				BE0143541DC923CB00681BEE /* libRCTNetwork-tvOS.a */,
			);
			name = Products;
			sourceTree = "<group>";
		};
		00C302E01ABCB9EE00DB3ED1 /* Products */ = {
			isa = PBXGroup;
			children = (
				00C302E41ABCB9EE00DB3ED1 /* libRCTVibration.a */,
			);
			name = Products;
			sourceTree = "<group>";
		};
		00E356EF1AD99517003FC87E /* crowdshotTests */ = {
			isa = PBXGroup;
			children = (
				00E356F21AD99517003FC87E /* crowdshotTests.m */,
				00E356F01AD99517003FC87E /* Supporting Files */,
			);
			path = crowdshotTests;
			sourceTree = "<group>";
		};
		00E356F01AD99517003FC87E /* Supporting Files */ = {
			isa = PBXGroup;
			children = (
				00E356F11AD99517003FC87E /* Info.plist */,
			);
			name = "Supporting Files";
			sourceTree = "<group>";
		};
		03E36FD13B6F47619F5CC9D3 /* Resources */ = {
			isa = PBXGroup;
			children = (
				0621ED0F83C3445499D0A02E /* Entypo.ttf */,
				F7482DC7B0E94F2EB7DD08E1 /* EvilIcons.ttf */,
				85F14BE3F3D747DFBF4A2AC6 /* FontAwesome.ttf */,
				6664F9F8CD9D46208C9B392A /* Foundation.ttf */,
				45CD010AE51146D7AB51DDEF /* Ionicons.ttf */,
				2C778FCB9DC34821945104E9 /* MaterialIcons.ttf */,
				D693BA1AD0DA4FAAB7F09EFC /* Octicons.ttf */,
				22FD8F84F756419CAB15E7F4 /* SimpleLineIcons.ttf */,
				2E0FB04E7AD747B992516BC2 /* Zocial.ttf */,
			);
			name = Resources;
			sourceTree = "<group>";
		};
		139105B71AF99BAD00B5F7CC /* Products */ = {
			isa = PBXGroup;
			children = (
				139105C11AF99BAD00B5F7CC /* libRCTSettings.a */,
				BE0143581DC923CB00681BEE /* libRCTSettings-tvOS.a */,
			);
			name = Products;
			sourceTree = "<group>";
		};
		139FDEE71B06529A00C62182 /* Products */ = {
			isa = PBXGroup;
			children = (
				139FDEF41B06529B00C62182 /* libRCTWebSocket.a */,
				BE0143611DC923CB00681BEE /* libRCTWebSocket-tvOS.a */,
			);
			name = Products;
			sourceTree = "<group>";
		};
		13B07FAE1A68108700A75B9A /* crowdshot */ = {
			isa = PBXGroup;
			children = (
				DCD41A2F1DCDA6DC0010CA94 /* crowdshot.entitlements */,
				008F07F21AC5B25A0029DE68 /* main.jsbundle */,
				13B07FAF1A68108700A75B9A /* AppDelegate.h */,
				13B07FB01A68108700A75B9A /* AppDelegate.m */,
				13B07FB51A68108700A75B9A /* Images.xcassets */,
				13B07FB61A68108700A75B9A /* Info.plist */,
				BE7A53361DE28C1700CF20D8 /* GoogleService-Info.plist */,
				13B07FB11A68108700A75B9A /* LaunchScreen.xib */,
				13B07FB71A68108700A75B9A /* main.m */,
			);
			name = crowdshot;
			sourceTree = "<group>";
		};
		146834001AC3E56700842450 /* Products */ = {
			isa = PBXGroup;
			children = (
				146834041AC3E56700842450 /* libReact.a */,
				BE0143651DC923CB00681BEE /* libReact-tvOS.a */,
			);
			name = Products;
			sourceTree = "<group>";
		};
		78C398B11ACF4ADC00677621 /* Products */ = {
			isa = PBXGroup;
			children = (
				78C398B91ACF4ADC00677621 /* libRCTLinking.a */,
				BE0143501DC923CB00681BEE /* libRCTLinking-tvOS.a */,
			);
			name = Products;
			sourceTree = "<group>";
		};
		832341AE1AAA6A7D00B99B32 /* Libraries */ = {
			isa = PBXGroup;
			children = (
				BE6150D51DF96D52004999BC /* RCTAnimation.xcodeproj */,
				BE0F764F1DE69B11003D38AD /* RCTCameraRoll.xcodeproj */,
				DC65DF801DDABFB1006970DA /* RNGeocoder.xcodeproj */,
				146833FF1AC3E56700842450 /* React.xcodeproj */,
				00C302A71ABCB8CE00DB3ED1 /* RCTActionSheet.xcodeproj */,
				00C302B51ABCB90400DB3ED1 /* RCTGeolocation.xcodeproj */,
				00C302BB1ABCB91800DB3ED1 /* RCTImage.xcodeproj */,
				78C398B01ACF4ADC00677621 /* RCTLinking.xcodeproj */,
				00C302D31ABCB9D200DB3ED1 /* RCTNetwork.xcodeproj */,
				139105B61AF99BAD00B5F7CC /* RCTSettings.xcodeproj */,
				832341B01AAA6A8300B99B32 /* RCTText.xcodeproj */,
				00C302DF1ABCB9EE00DB3ED1 /* RCTVibration.xcodeproj */,
				139FDEE61B06529A00C62182 /* RCTWebSocket.xcodeproj */,
				F85B1752880645858DE8D625 /* RCTFBSDK.xcodeproj */,
				32A75BD704A14176ACEE1686 /* RNVectorIcons.xcodeproj */,
				0084B6406DCD4D7290316729 /* RCTCamera.xcodeproj */,
				18BA65E40D9B4ADEBDFF42BB /* BVLinearGradient.xcodeproj */,
				95FFE22B614645FB845B74B3 /* RCTVideo.xcodeproj */,
				46AD310AD791437D982C2DA5 /* RNBlur.xcodeproj */,
				5CEDD2AAD3EF47838412F3DF /* RNFetchBlob.xcodeproj */,
				38B051B472334682B874D0D1 /* ReactNativeIcons.xcodeproj */,
				D0DA520C94174F829DCC374F /* AirMaps.xcodeproj */,
				73A5444F756F48F380DC4639 /* RNFIRMessaging.xcodeproj */,
				2DCC635308784F1C8367F07B /* RNShare.xcodeproj */,
				1DF5F90B631141089B8061D0 /* RCTBEEPickerManager.xcodeproj */,
			);
			name = Libraries;
			sourceTree = "<group>";
		};
		832341B11AAA6A8300B99B32 /* Products */ = {
			isa = PBXGroup;
			children = (
				832341B51AAA6A8300B99B32 /* libRCTText.a */,
				BE01435C1DC923CB00681BEE /* libRCTText-tvOS.a */,
			);
			name = Products;
			sourceTree = "<group>";
		};
		83CBB9F61A601CBA00E9B192 = {
			isa = PBXGroup;
			children = (
				BEB0C2E71E07B19100D0C126 /* AirGoogleMaps */,
				BEF6B9981DC927BF001E449F /* Frameworks */,
				13B07FAE1A68108700A75B9A /* crowdshot */,
				832341AE1AAA6A7D00B99B32 /* Libraries */,
				00E356EF1AD99517003FC87E /* crowdshotTests */,
				83CBBA001A601CBA00E9B192 /* Products */,
				03E36FD13B6F47619F5CC9D3 /* Resources */,
				F480BBC7709FE54C393B0DFA /* Pods */,
			);
			indentWidth = 2;
			sourceTree = "<group>";
			tabWidth = 2;
		};
		83CBBA001A601CBA00E9B192 /* Products */ = {
			isa = PBXGroup;
			children = (
				13B07F961A680F5B00A75B9A /* crowdshot.app */,
				00E356EE1AD99517003FC87E /* crowdshotTests.xctest */,
			);
			name = Products;
			sourceTree = "<group>";
		};
		BE0F42311DCAB067000AF9BD /* Products */ = {
			isa = PBXGroup;
			children = (
				BE0F42361DCAB067000AF9BD /* libRCTCamera.a */,
			);
			name = Products;
			sourceTree = "<group>";
		};
		BE0F42561DCAB08C000AF9BD /* Products */ = {
			isa = PBXGroup;
			children = (
				BE0F425A1DCAB08C000AF9BD /* libBVLinearGradient.a */,
			);
			name = Products;
			sourceTree = "<group>";
		};
		BE0F76501DE69B11003D38AD /* Products */ = {
			isa = PBXGroup;
			children = (
				BE0F76581DE69B11003D38AD /* libRCTCameraRoll.a */,
			);
			name = Products;
			sourceTree = "<group>";
		};
		BE0F76881DE6A4A2003D38AD /* Products */ = {
			isa = PBXGroup;
			children = (
				BE0F76A81DE6A4A2003D38AD /* libRNShare.a */,
			);
			name = Products;
			sourceTree = "<group>";
		};
		BE1E1F661DC96D6F000D4DD2 /* Products */ = {
			isa = PBXGroup;
			children = (
				BE1E1F7C1DC96D6F000D4DD2 /* libRNVectorIcons.a */,
			);
			name = Products;
			sourceTree = "<group>";
		};
		BE6150D61DF96D52004999BC /* Products */ = {
			isa = PBXGroup;
			children = (
				BE6150DE1DF96D52004999BC /* libRCTAnimation.a */,
				BE6150E01DF96D52004999BC /* libRCTAnimation-tvOS.a */,
			);
			name = Products;
			sourceTree = "<group>";
		};
		BE6F3A0B1DCB1D5000E1C16C /* Products */ = {
			isa = PBXGroup;
			children = (
				BE6F3A1F1DCB1D5000E1C16C /* libRCTVideo.a */,
			);
			name = Products;
			sourceTree = "<group>";
		};
		BE6F3A341DCB29A600E1C16C /* Products */ = {
			isa = PBXGroup;
			children = (
				BE6F3A4D1DCB29A600E1C16C /* libRNBlur.a */,
			);
			name = Products;
			sourceTree = "<group>";
		};
		BE7A53161DE28A3600CF20D8 /* Products */ = {
			isa = PBXGroup;
			children = (
				BE7A53331DE28A3700CF20D8 /* libRNFIRMessaging.a */,
			);
			name = Products;
			sourceTree = "<group>";
		};
		BEB0C2E71E07B19100D0C126 /* AirGoogleMaps */ = {
			isa = PBXGroup;
			children = (
				BEB0C2E81E07B19100D0C126 /* AIRGMSMarker.h */,
				BEB0C2E91E07B19100D0C126 /* AIRGMSMarker.m */,
				BEB0C2EA1E07B19100D0C126 /* AIRGoogleMap.h */,
				BEB0C2EB1E07B19100D0C126 /* AIRGoogleMap.m */,
				BEB0C2EC1E07B19100D0C126 /* AIRGoogleMapCallout.h */,
				BEB0C2ED1E07B19100D0C126 /* AIRGoogleMapCallout.m */,
				BEB0C2EE1E07B19100D0C126 /* AIRGoogleMapCalloutManager.h */,
				BEB0C2EF1E07B19100D0C126 /* AIRGoogleMapCalloutManager.m */,
				BEB0C2F01E07B19100D0C126 /* AIRGoogleMapCircle.h */,
				BEB0C2F11E07B19100D0C126 /* AIRGoogleMapCircle.m */,
				BEB0C2F21E07B19100D0C126 /* AIRGoogleMapCircleManager.h */,
				BEB0C2F31E07B19100D0C126 /* AIRGoogleMapCircleManager.m */,
				BEB0C2F41E07B19100D0C126 /* AIRGoogleMapManager.h */,
				BEB0C2F51E07B19100D0C126 /* AIRGoogleMapManager.m */,
				BEB0C2F61E07B19100D0C126 /* AIRGoogleMapMarker.h */,
				BEB0C2F71E07B19100D0C126 /* AIRGoogleMapMarker.m */,
				BEB0C2F81E07B19100D0C126 /* AIRGoogleMapMarkerManager.h */,
				BEB0C2F91E07B19100D0C126 /* AIRGoogleMapMarkerManager.m */,
				BEB0C2FA1E07B19100D0C126 /* AIRGoogleMapPolygon.h */,
				BEB0C2FB1E07B19100D0C126 /* AIRGoogleMapPolygon.m */,
				BEB0C2FC1E07B19100D0C126 /* AIRGoogleMapPolygonManager.h */,
				BEB0C2FD1E07B19100D0C126 /* AIRGoogleMapPolygonManager.m */,
				BEB0C2FE1E07B19100D0C126 /* AIRGoogleMapPolyline.h */,
				BEB0C2FF1E07B19100D0C126 /* AIRGoogleMapPolyline.m */,
				BEB0C3001E07B19100D0C126 /* AIRGoogleMapPolylineManager.h */,
				BEB0C3011E07B19100D0C126 /* AIRGoogleMapPolylineManager.m */,
				BEB0C3021E07B19100D0C126 /* AIRGoogleMapUrlTile.h */,
				BEB0C3031E07B19100D0C126 /* AIRGoogleMapUrlTile.m */,
				BEB0C3041E07B19100D0C126 /* AIRGoogleMapUrlTileManager.h */,
				BEB0C3051E07B19100D0C126 /* AIRGoogleMapURLTileManager.m */,
				BEB0C3061E07B19100D0C126 /* DummyView.h */,
				BEB0C3071E07B19100D0C126 /* DummyView.m */,
				BEB0C3081E07B19100D0C126 /* RCTConvert+GMSMapViewType.h */,
				BEB0C3091E07B19100D0C126 /* RCTConvert+GMSMapViewType.m */,
			);
			name = AirGoogleMaps;
			path = "../node_modules/react-native-maps/ios/AirGoogleMaps";
			sourceTree = "<group>";
		};
		BED93B3D1DC926AF00EF2203 /* Products */ = {
			isa = PBXGroup;
			children = (
				BED93B421DC926AF00EF2203 /* libRCTFBSDK.a */,
			);
			name = Products;
			sourceTree = "<group>";
		};
		BEF6B9981DC927BF001E449F /* Frameworks */ = {
			isa = PBXGroup;
			children = (
				BE622B231DC92B410021F735 /* Bolts.framework */,
				BE622B241DC92B410021F735 /* FBSDKCoreKit.framework */,
				BE622B251DC92B410021F735 /* FBSDKLoginKit.framework */,
				BE622B261DC92B410021F735 /* FBSDKShareKit.framework */,
				E9D474A09DC0BBD0EDBDA9D8 /* Pods_crowdshot.framework */,
				EF5C4891AE68CD6EC29A92E6 /* Pods_crowdshotTests.framework */,
			);
			name = Frameworks;
			sourceTree = "<group>";
		};
		DC65DF811DDABFB1006970DA /* Products */ = {
			isa = PBXGroup;
			children = (
				DC65DF9E1DDABFB1006970DA /* libRNGeocoder.a */,
			);
			name = Products;
			sourceTree = "<group>";
		};
		DC68B0A61DD00414009ED4D1 /* Products */ = {
			isa = PBXGroup;
			children = (
				DC68B0C51DD00414009ED4D1 /* libRNFetchBlob.a */,
			);
			name = Products;
			sourceTree = "<group>";
		};
		DC68B0A81DD00414009ED4D1 /* Products */ = {
			isa = PBXGroup;
			children = (
				DC68B0C11DD00414009ED4D1 /* libReactNativeIcons.a */,
			);
			name = Products;
			sourceTree = "<group>";
		};
		DC68B0D91DD15B5C009ED4D1 /* Products */ = {
			isa = PBXGroup;
			children = (
				DC68B0DD1DD15B5C009ED4D1 /* libAirMaps.a */,
			);
			name = Products;
			sourceTree = "<group>";
		};
		DCCEA29C1DF2C061000A129A /* Products */ = {
			isa = PBXGroup;
			children = (
				DCCEA2A31DF2C061000A129A /* libRCTBEEPickerManager.a */,
			);
			name = Products;
			sourceTree = "<group>";
		};
		F480BBC7709FE54C393B0DFA /* Pods */ = {
			isa = PBXGroup;
			children = (
				793D6795CDD9F4C735FA96CE /* Pods-crowdshot.debug.xcconfig */,
				A938785A7CD4A8573077EF78 /* Pods-crowdshot.release.xcconfig */,
				CDB6F2843D5B151B017050E5 /* Pods-crowdshotTests.debug.xcconfig */,
				02F3AC37C8E57BB0F4B57227 /* Pods-crowdshotTests.release.xcconfig */,
			);
			name = Pods;
			sourceTree = "<group>";
		};
/* End PBXGroup section */

/* Begin PBXNativeTarget section */
		00E356ED1AD99517003FC87E /* crowdshotTests */ = {
			isa = PBXNativeTarget;
			buildConfigurationList = 00E357021AD99517003FC87E /* Build configuration list for PBXNativeTarget "crowdshotTests" */;
			buildPhases = (
				C86682D8848CEDCEC4DAE52B /* [CP] Check Pods Manifest.lock */,
				00E356EA1AD99517003FC87E /* Sources */,
				00E356EB1AD99517003FC87E /* Frameworks */,
				00E356EC1AD99517003FC87E /* Resources */,
				C24167247A27864589A8AF7B /* [CP] Embed Pods Frameworks */,
				AFE7B26C6673DF2A8300D874 /* [CP] Copy Pods Resources */,
			);
			buildRules = (
			);
			dependencies = (
				00E356F51AD99517003FC87E /* PBXTargetDependency */,
			);
			name = crowdshotTests;
			productName = crowdshotTests;
			productReference = 00E356EE1AD99517003FC87E /* crowdshotTests.xctest */;
			productType = "com.apple.product-type.bundle.unit-test";
		};
		13B07F861A680F5B00A75B9A /* Crowdshot */ = {
			isa = PBXNativeTarget;
			buildConfigurationList = 13B07F931A680F5B00A75B9A /* Build configuration list for PBXNativeTarget "Crowdshot" */;
			buildPhases = (
				61948CAE5D7B48C530EB090B /* [CP] Check Pods Manifest.lock */,
				13B07F871A680F5B00A75B9A /* Sources */,
				13B07F8C1A680F5B00A75B9A /* Frameworks */,
				13B07F8E1A680F5B00A75B9A /* Resources */,
				00DD1BFF1BD5951E006B06BC /* Bundle React Native code and images */,
				7FAE1AB8F4505860D0D4BFAB /* [CP] Embed Pods Frameworks */,
				189875766789DE7B25022148 /* [CP] Copy Pods Resources */,
			);
			buildRules = (
			);
			dependencies = (
			);
			name = Crowdshot;
			productName = Crowdshot;
			productReference = 13B07F961A680F5B00A75B9A /* crowdshot.app */;
			productType = "com.apple.product-type.application";
		};
/* End PBXNativeTarget section */

/* Begin PBXProject section */
		83CBB9F71A601CBA00E9B192 /* Project object */ = {
			isa = PBXProject;
			attributes = {
				LastUpgradeCheck = 610;
				ORGANIZATIONNAME = Facebook;
				TargetAttributes = {
					00E356ED1AD99517003FC87E = {
						CreatedOnToolsVersion = 6.2;
						DevelopmentTeam = P4R8A9GZY9;
						TestTargetID = 13B07F861A680F5B00A75B9A;
					};
					13B07F861A680F5B00A75B9A = {
						DevelopmentTeam = P4R8A9GZY9;
						ProvisioningStyle = Automatic;
						SystemCapabilities = {
							com.apple.BackgroundModes = {
								enabled = 1;
							};
							com.apple.Keychain = {
								enabled = 1;
							};
							com.apple.Push = {
								enabled = 1;
							};
						};
					};
				};
			};
			buildConfigurationList = 83CBB9FA1A601CBA00E9B192 /* Build configuration list for PBXProject "crowdshot" */;
			compatibilityVersion = "Xcode 3.2";
			developmentRegion = English;
			hasScannedForEncodings = 0;
			knownRegions = (
				en,
				Base,
			);
			mainGroup = 83CBB9F61A601CBA00E9B192;
			productRefGroup = 83CBBA001A601CBA00E9B192 /* Products */;
			projectDirPath = "";
			projectReferences = (
				{
					ProductGroup = DC68B0D91DD15B5C009ED4D1 /* Products */;
					ProjectRef = D0DA520C94174F829DCC374F /* AirMaps.xcodeproj */;
				},
				{
					ProductGroup = BE0F42561DCAB08C000AF9BD /* Products */;
					ProjectRef = 18BA65E40D9B4ADEBDFF42BB /* BVLinearGradient.xcodeproj */;
				},
				{
					ProductGroup = 00C302A81ABCB8CE00DB3ED1 /* Products */;
					ProjectRef = 00C302A71ABCB8CE00DB3ED1 /* RCTActionSheet.xcodeproj */;
				},
				{
					ProductGroup = BE6150D61DF96D52004999BC /* Products */;
					ProjectRef = BE6150D51DF96D52004999BC /* RCTAnimation.xcodeproj */;
				},
				{
					ProductGroup = DCCEA29C1DF2C061000A129A /* Products */;
					ProjectRef = 1DF5F90B631141089B8061D0 /* RCTBEEPickerManager.xcodeproj */;
				},
				{
					ProductGroup = BE0F42311DCAB067000AF9BD /* Products */;
					ProjectRef = 0084B6406DCD4D7290316729 /* RCTCamera.xcodeproj */;
				},
				{
					ProductGroup = BE0F76501DE69B11003D38AD /* Products */;
					ProjectRef = BE0F764F1DE69B11003D38AD /* RCTCameraRoll.xcodeproj */;
				},
				{
					ProductGroup = BED93B3D1DC926AF00EF2203 /* Products */;
					ProjectRef = F85B1752880645858DE8D625 /* RCTFBSDK.xcodeproj */;
				},
				{
					ProductGroup = 00C302B61ABCB90400DB3ED1 /* Products */;
					ProjectRef = 00C302B51ABCB90400DB3ED1 /* RCTGeolocation.xcodeproj */;
				},
				{
					ProductGroup = 00C302BC1ABCB91800DB3ED1 /* Products */;
					ProjectRef = 00C302BB1ABCB91800DB3ED1 /* RCTImage.xcodeproj */;
				},
				{
					ProductGroup = 78C398B11ACF4ADC00677621 /* Products */;
					ProjectRef = 78C398B01ACF4ADC00677621 /* RCTLinking.xcodeproj */;
				},
				{
					ProductGroup = 00C302D41ABCB9D200DB3ED1 /* Products */;
					ProjectRef = 00C302D31ABCB9D200DB3ED1 /* RCTNetwork.xcodeproj */;
				},
				{
					ProductGroup = 139105B71AF99BAD00B5F7CC /* Products */;
					ProjectRef = 139105B61AF99BAD00B5F7CC /* RCTSettings.xcodeproj */;
				},
				{
					ProductGroup = 832341B11AAA6A8300B99B32 /* Products */;
					ProjectRef = 832341B01AAA6A8300B99B32 /* RCTText.xcodeproj */;
				},
				{
					ProductGroup = 00C302E01ABCB9EE00DB3ED1 /* Products */;
					ProjectRef = 00C302DF1ABCB9EE00DB3ED1 /* RCTVibration.xcodeproj */;
				},
				{
					ProductGroup = BE6F3A0B1DCB1D5000E1C16C /* Products */;
					ProjectRef = 95FFE22B614645FB845B74B3 /* RCTVideo.xcodeproj */;
				},
				{
					ProductGroup = 139FDEE71B06529A00C62182 /* Products */;
					ProjectRef = 139FDEE61B06529A00C62182 /* RCTWebSocket.xcodeproj */;
				},
				{
					ProductGroup = 146834001AC3E56700842450 /* Products */;
					ProjectRef = 146833FF1AC3E56700842450 /* React.xcodeproj */;
				},
				{
					ProductGroup = DC68B0A81DD00414009ED4D1 /* Products */;
					ProjectRef = 38B051B472334682B874D0D1 /* ReactNativeIcons.xcodeproj */;
				},
				{
					ProductGroup = BE6F3A341DCB29A600E1C16C /* Products */;
					ProjectRef = 46AD310AD791437D982C2DA5 /* RNBlur.xcodeproj */;
				},
				{
					ProductGroup = DC68B0A61DD00414009ED4D1 /* Products */;
					ProjectRef = 5CEDD2AAD3EF47838412F3DF /* RNFetchBlob.xcodeproj */;
				},
				{
					ProductGroup = BE7A53161DE28A3600CF20D8 /* Products */;
					ProjectRef = 73A5444F756F48F380DC4639 /* RNFIRMessaging.xcodeproj */;
				},
				{
					ProductGroup = DC65DF811DDABFB1006970DA /* Products */;
					ProjectRef = DC65DF801DDABFB1006970DA /* RNGeocoder.xcodeproj */;
				},
				{
					ProductGroup = BE0F76881DE6A4A2003D38AD /* Products */;
					ProjectRef = 2DCC635308784F1C8367F07B /* RNShare.xcodeproj */;
				},
				{
					ProductGroup = BE1E1F661DC96D6F000D4DD2 /* Products */;
					ProjectRef = 32A75BD704A14176ACEE1686 /* RNVectorIcons.xcodeproj */;
				},
			);
			projectRoot = "";
			targets = (
				13B07F861A680F5B00A75B9A /* Crowdshot */,
				00E356ED1AD99517003FC87E /* crowdshotTests */,
			);
		};
/* End PBXProject section */

/* Begin PBXReferenceProxy section */
		00C302AC1ABCB8CE00DB3ED1 /* libRCTActionSheet.a */ = {
			isa = PBXReferenceProxy;
			fileType = archive.ar;
			path = libRCTActionSheet.a;
			remoteRef = 00C302AB1ABCB8CE00DB3ED1 /* PBXContainerItemProxy */;
			sourceTree = BUILT_PRODUCTS_DIR;
		};
		00C302BA1ABCB90400DB3ED1 /* libRCTGeolocation.a */ = {
			isa = PBXReferenceProxy;
			fileType = archive.ar;
			path = libRCTGeolocation.a;
			remoteRef = 00C302B91ABCB90400DB3ED1 /* PBXContainerItemProxy */;
			sourceTree = BUILT_PRODUCTS_DIR;
		};
		00C302C01ABCB91800DB3ED1 /* libRCTImage.a */ = {
			isa = PBXReferenceProxy;
			fileType = archive.ar;
			path = libRCTImage.a;
			remoteRef = 00C302BF1ABCB91800DB3ED1 /* PBXContainerItemProxy */;
			sourceTree = BUILT_PRODUCTS_DIR;
		};
		00C302DC1ABCB9D200DB3ED1 /* libRCTNetwork.a */ = {
			isa = PBXReferenceProxy;
			fileType = archive.ar;
			path = libRCTNetwork.a;
			remoteRef = 00C302DB1ABCB9D200DB3ED1 /* PBXContainerItemProxy */;
			sourceTree = BUILT_PRODUCTS_DIR;
		};
		00C302E41ABCB9EE00DB3ED1 /* libRCTVibration.a */ = {
			isa = PBXReferenceProxy;
			fileType = archive.ar;
			path = libRCTVibration.a;
			remoteRef = 00C302E31ABCB9EE00DB3ED1 /* PBXContainerItemProxy */;
			sourceTree = BUILT_PRODUCTS_DIR;
		};
		139105C11AF99BAD00B5F7CC /* libRCTSettings.a */ = {
			isa = PBXReferenceProxy;
			fileType = archive.ar;
			path = libRCTSettings.a;
			remoteRef = 139105C01AF99BAD00B5F7CC /* PBXContainerItemProxy */;
			sourceTree = BUILT_PRODUCTS_DIR;
		};
		139FDEF41B06529B00C62182 /* libRCTWebSocket.a */ = {
			isa = PBXReferenceProxy;
			fileType = archive.ar;
			path = libRCTWebSocket.a;
			remoteRef = 139FDEF31B06529B00C62182 /* PBXContainerItemProxy */;
			sourceTree = BUILT_PRODUCTS_DIR;
		};
		146834041AC3E56700842450 /* libReact.a */ = {
			isa = PBXReferenceProxy;
			fileType = archive.ar;
			path = libReact.a;
			remoteRef = 146834031AC3E56700842450 /* PBXContainerItemProxy */;
			sourceTree = BUILT_PRODUCTS_DIR;
		};
		78C398B91ACF4ADC00677621 /* libRCTLinking.a */ = {
			isa = PBXReferenceProxy;
			fileType = archive.ar;
			path = libRCTLinking.a;
			remoteRef = 78C398B81ACF4ADC00677621 /* PBXContainerItemProxy */;
			sourceTree = BUILT_PRODUCTS_DIR;
		};
		832341B51AAA6A8300B99B32 /* libRCTText.a */ = {
			isa = PBXReferenceProxy;
			fileType = archive.ar;
			path = libRCTText.a;
			remoteRef = 832341B41AAA6A8300B99B32 /* PBXContainerItemProxy */;
			sourceTree = BUILT_PRODUCTS_DIR;
		};
		BE01434C1DC923CB00681BEE /* libRCTImage-tvOS.a */ = {
			isa = PBXReferenceProxy;
			fileType = archive.ar;
			path = "libRCTImage-tvOS.a";
			remoteRef = BE01434B1DC923CB00681BEE /* PBXContainerItemProxy */;
			sourceTree = BUILT_PRODUCTS_DIR;
		};
		BE0143501DC923CB00681BEE /* libRCTLinking-tvOS.a */ = {
			isa = PBXReferenceProxy;
			fileType = archive.ar;
			path = "libRCTLinking-tvOS.a";
			remoteRef = BE01434F1DC923CB00681BEE /* PBXContainerItemProxy */;
			sourceTree = BUILT_PRODUCTS_DIR;
		};
		BE0143541DC923CB00681BEE /* libRCTNetwork-tvOS.a */ = {
			isa = PBXReferenceProxy;
			fileType = archive.ar;
			path = "libRCTNetwork-tvOS.a";
			remoteRef = BE0143531DC923CB00681BEE /* PBXContainerItemProxy */;
			sourceTree = BUILT_PRODUCTS_DIR;
		};
		BE0143581DC923CB00681BEE /* libRCTSettings-tvOS.a */ = {
			isa = PBXReferenceProxy;
			fileType = archive.ar;
			path = "libRCTSettings-tvOS.a";
			remoteRef = BE0143571DC923CB00681BEE /* PBXContainerItemProxy */;
			sourceTree = BUILT_PRODUCTS_DIR;
		};
		BE01435C1DC923CB00681BEE /* libRCTText-tvOS.a */ = {
			isa = PBXReferenceProxy;
			fileType = archive.ar;
			path = "libRCTText-tvOS.a";
			remoteRef = BE01435B1DC923CB00681BEE /* PBXContainerItemProxy */;
			sourceTree = BUILT_PRODUCTS_DIR;
		};
		BE0143611DC923CB00681BEE /* libRCTWebSocket-tvOS.a */ = {
			isa = PBXReferenceProxy;
			fileType = archive.ar;
			path = "libRCTWebSocket-tvOS.a";
			remoteRef = BE0143601DC923CB00681BEE /* PBXContainerItemProxy */;
			sourceTree = BUILT_PRODUCTS_DIR;
		};
		BE0143651DC923CB00681BEE /* libReact-tvOS.a */ = {
			isa = PBXReferenceProxy;
			fileType = archive.ar;
			path = "libReact-tvOS.a";
			remoteRef = BE0143641DC923CB00681BEE /* PBXContainerItemProxy */;
			sourceTree = BUILT_PRODUCTS_DIR;
		};
		BE0F42361DCAB067000AF9BD /* libRCTCamera.a */ = {
			isa = PBXReferenceProxy;
			fileType = archive.ar;
			path = libRCTCamera.a;
			remoteRef = BE0F42351DCAB067000AF9BD /* PBXContainerItemProxy */;
			sourceTree = BUILT_PRODUCTS_DIR;
		};
		BE0F425A1DCAB08C000AF9BD /* libBVLinearGradient.a */ = {
			isa = PBXReferenceProxy;
			fileType = archive.ar;
			path = libBVLinearGradient.a;
			remoteRef = BE0F42591DCAB08C000AF9BD /* PBXContainerItemProxy */;
			sourceTree = BUILT_PRODUCTS_DIR;
		};
		BE0F76581DE69B11003D38AD /* libRCTCameraRoll.a */ = {
			isa = PBXReferenceProxy;
			fileType = archive.ar;
			path = libRCTCameraRoll.a;
			remoteRef = BE0F76571DE69B11003D38AD /* PBXContainerItemProxy */;
			sourceTree = BUILT_PRODUCTS_DIR;
		};
		BE0F76A81DE6A4A2003D38AD /* libRNShare.a */ = {
			isa = PBXReferenceProxy;
			fileType = archive.ar;
			path = libRNShare.a;
			remoteRef = BE0F76A71DE6A4A2003D38AD /* PBXContainerItemProxy */;
			sourceTree = BUILT_PRODUCTS_DIR;
		};
		BE1E1F7C1DC96D6F000D4DD2 /* libRNVectorIcons.a */ = {
			isa = PBXReferenceProxy;
			fileType = archive.ar;
			path = libRNVectorIcons.a;
			remoteRef = BE1E1F7B1DC96D6F000D4DD2 /* PBXContainerItemProxy */;
			sourceTree = BUILT_PRODUCTS_DIR;
		};
		BE6150DE1DF96D52004999BC /* libRCTAnimation.a */ = {
			isa = PBXReferenceProxy;
			fileType = archive.ar;
			path = libRCTAnimation.a;
			remoteRef = BE6150DD1DF96D52004999BC /* PBXContainerItemProxy */;
			sourceTree = BUILT_PRODUCTS_DIR;
		};
		BE6150E01DF96D52004999BC /* libRCTAnimation-tvOS.a */ = {
			isa = PBXReferenceProxy;
			fileType = archive.ar;
			path = "libRCTAnimation-tvOS.a";
			remoteRef = BE6150DF1DF96D52004999BC /* PBXContainerItemProxy */;
			sourceTree = BUILT_PRODUCTS_DIR;
		};
		BE6F3A1F1DCB1D5000E1C16C /* libRCTVideo.a */ = {
			isa = PBXReferenceProxy;
			fileType = archive.ar;
			path = libRCTVideo.a;
			remoteRef = BE6F3A1E1DCB1D5000E1C16C /* PBXContainerItemProxy */;
			sourceTree = BUILT_PRODUCTS_DIR;
		};
		BE6F3A4D1DCB29A600E1C16C /* libRNBlur.a */ = {
			isa = PBXReferenceProxy;
			fileType = archive.ar;
			path = libRNBlur.a;
			remoteRef = BE6F3A4C1DCB29A600E1C16C /* PBXContainerItemProxy */;
			sourceTree = BUILT_PRODUCTS_DIR;
		};
		BE7A53331DE28A3700CF20D8 /* libRNFIRMessaging.a */ = {
			isa = PBXReferenceProxy;
			fileType = archive.ar;
			path = libRNFIRMessaging.a;
			remoteRef = BE7A53321DE28A3700CF20D8 /* PBXContainerItemProxy */;
			sourceTree = BUILT_PRODUCTS_DIR;
		};
		BED93B421DC926AF00EF2203 /* libRCTFBSDK.a */ = {
			isa = PBXReferenceProxy;
			fileType = archive.ar;
			path = libRCTFBSDK.a;
			remoteRef = BED93B411DC926AF00EF2203 /* PBXContainerItemProxy */;
			sourceTree = BUILT_PRODUCTS_DIR;
		};
		DC65DF9E1DDABFB1006970DA /* libRNGeocoder.a */ = {
			isa = PBXReferenceProxy;
			fileType = archive.ar;
			path = libRNGeocoder.a;
			remoteRef = DC65DF9D1DDABFB1006970DA /* PBXContainerItemProxy */;
			sourceTree = BUILT_PRODUCTS_DIR;
		};
		DC68B0C11DD00414009ED4D1 /* libReactNativeIcons.a */ = {
			isa = PBXReferenceProxy;
			fileType = archive.ar;
			path = libReactNativeIcons.a;
			remoteRef = DC68B0C01DD00414009ED4D1 /* PBXContainerItemProxy */;
			sourceTree = BUILT_PRODUCTS_DIR;
		};
		DC68B0C51DD00414009ED4D1 /* libRNFetchBlob.a */ = {
			isa = PBXReferenceProxy;
			fileType = archive.ar;
			path = libRNFetchBlob.a;
			remoteRef = DC68B0C41DD00414009ED4D1 /* PBXContainerItemProxy */;
			sourceTree = BUILT_PRODUCTS_DIR;
		};
		DC68B0DD1DD15B5C009ED4D1 /* libAirMaps.a */ = {
			isa = PBXReferenceProxy;
			fileType = archive.ar;
			path = libAirMaps.a;
			remoteRef = DC68B0DC1DD15B5C009ED4D1 /* PBXContainerItemProxy */;
			sourceTree = BUILT_PRODUCTS_DIR;
		};
		DCCEA2A31DF2C061000A129A /* libRCTBEEPickerManager.a */ = {
			isa = PBXReferenceProxy;
			fileType = archive.ar;
			path = libRCTBEEPickerManager.a;
			remoteRef = DCCEA2A21DF2C061000A129A /* PBXContainerItemProxy */;
			sourceTree = BUILT_PRODUCTS_DIR;
		};
/* End PBXReferenceProxy section */

/* Begin PBXResourcesBuildPhase section */
		00E356EC1AD99517003FC87E /* Resources */ = {
			isa = PBXResourcesBuildPhase;
			buildActionMask = 2147483647;
			files = (
			);
			runOnlyForDeploymentPostprocessing = 0;
		};
		13B07F8E1A680F5B00A75B9A /* Resources */ = {
			isa = PBXResourcesBuildPhase;
			buildActionMask = 2147483647;
			files = (
				13B07FBF1A68108700A75B9A /* Images.xcassets in Resources */,
				13B07FBD1A68108700A75B9A /* LaunchScreen.xib in Resources */,
				8D8FB3B8B1A24C1594962AB7 /* Entypo.ttf in Resources */,
				E115DA583F3C48DD99954F36 /* EvilIcons.ttf in Resources */,
				21F96A3F12D64D759975D0ED /* FontAwesome.ttf in Resources */,
				BE7A53371DE28C1700CF20D8 /* GoogleService-Info.plist in Resources */,
				1A0F11F096CA43229EFA5557 /* Foundation.ttf in Resources */,
				535B8551398441FDA8F4AC15 /* Ionicons.ttf in Resources */,
				56598D68230A42968F39B690 /* MaterialIcons.ttf in Resources */,
				495A39D030BA44E9936B0705 /* Octicons.ttf in Resources */,
				6D0B896AECC44D8BAEC5D43F /* SimpleLineIcons.ttf in Resources */,
				C016AAD4AFD34F14B6C64B81 /* Zocial.ttf in Resources */,
			);
			runOnlyForDeploymentPostprocessing = 0;
		};
/* End PBXResourcesBuildPhase section */

/* Begin PBXShellScriptBuildPhase section */
		00DD1BFF1BD5951E006B06BC /* Bundle React Native code and images */ = {
			isa = PBXShellScriptBuildPhase;
			buildActionMask = 2147483647;
			files = (
			);
			inputPaths = (
			);
			name = "Bundle React Native code and images";
			outputPaths = (
			);
			runOnlyForDeploymentPostprocessing = 0;
			shellPath = /bin/sh;
			shellScript = "export NODE_BINARY=node\n../node_modules/react-native/packager/react-native-xcode.sh";
		};
		189875766789DE7B25022148 /* [CP] Copy Pods Resources */ = {
			isa = PBXShellScriptBuildPhase;
			buildActionMask = 2147483647;
			files = (
			);
			inputPaths = (
			);
			name = "[CP] Copy Pods Resources";
			outputPaths = (
			);
			runOnlyForDeploymentPostprocessing = 0;
			shellPath = /bin/sh;
			shellScript = "\"${SRCROOT}/Pods/Target Support Files/Pods-crowdshot/Pods-crowdshot-resources.sh\"\n";
			showEnvVarsInLog = 0;
		};
		61948CAE5D7B48C530EB090B /* [CP] Check Pods Manifest.lock */ = {
			isa = PBXShellScriptBuildPhase;
			buildActionMask = 2147483647;
			files = (
			);
			inputPaths = (
			);
			name = "[CP] Check Pods Manifest.lock";
			outputPaths = (
			);
			runOnlyForDeploymentPostprocessing = 0;
			shellPath = /bin/sh;
			shellScript = "diff \"${PODS_ROOT}/../Podfile.lock\" \"${PODS_ROOT}/Manifest.lock\" > /dev/null\nif [ $? != 0 ] ; then\n    # print error to STDERR\n    echo \"error: The sandbox is not in sync with the Podfile.lock. Run 'pod install' or update your CocoaPods installation.\" >&2\n    exit 1\nfi\n";
			showEnvVarsInLog = 0;
		};
		7FAE1AB8F4505860D0D4BFAB /* [CP] Embed Pods Frameworks */ = {
			isa = PBXShellScriptBuildPhase;
			buildActionMask = 2147483647;
			files = (
			);
			inputPaths = (
			);
			name = "[CP] Embed Pods Frameworks";
			outputPaths = (
			);
			runOnlyForDeploymentPostprocessing = 0;
			shellPath = /bin/sh;
			shellScript = "\"${SRCROOT}/Pods/Target Support Files/Pods-crowdshot/Pods-crowdshot-frameworks.sh\"\n";
			showEnvVarsInLog = 0;
		};
		AFE7B26C6673DF2A8300D874 /* [CP] Copy Pods Resources */ = {
			isa = PBXShellScriptBuildPhase;
			buildActionMask = 2147483647;
			files = (
			);
			inputPaths = (
			);
			name = "[CP] Copy Pods Resources";
			outputPaths = (
			);
			runOnlyForDeploymentPostprocessing = 0;
			shellPath = /bin/sh;
			shellScript = "\"${SRCROOT}/Pods/Target Support Files/Pods-crowdshotTests/Pods-crowdshotTests-resources.sh\"\n";
			showEnvVarsInLog = 0;
		};
		C24167247A27864589A8AF7B /* [CP] Embed Pods Frameworks */ = {
			isa = PBXShellScriptBuildPhase;
			buildActionMask = 2147483647;
			files = (
			);
			inputPaths = (
			);
			name = "[CP] Embed Pods Frameworks";
			outputPaths = (
			);
			runOnlyForDeploymentPostprocessing = 0;
			shellPath = /bin/sh;
			shellScript = "\"${SRCROOT}/Pods/Target Support Files/Pods-crowdshotTests/Pods-crowdshotTests-frameworks.sh\"\n";
			showEnvVarsInLog = 0;
		};
		C86682D8848CEDCEC4DAE52B /* [CP] Check Pods Manifest.lock */ = {
			isa = PBXShellScriptBuildPhase;
			buildActionMask = 2147483647;
			files = (
			);
			inputPaths = (
			);
			name = "[CP] Check Pods Manifest.lock";
			outputPaths = (
			);
			runOnlyForDeploymentPostprocessing = 0;
			shellPath = /bin/sh;
			shellScript = "diff \"${PODS_ROOT}/../Podfile.lock\" \"${PODS_ROOT}/Manifest.lock\" > /dev/null\nif [ $? != 0 ] ; then\n    # print error to STDERR\n    echo \"error: The sandbox is not in sync with the Podfile.lock. Run 'pod install' or update your CocoaPods installation.\" >&2\n    exit 1\nfi\n";
			showEnvVarsInLog = 0;
		};
/* End PBXShellScriptBuildPhase section */

/* Begin PBXSourcesBuildPhase section */
		00E356EA1AD99517003FC87E /* Sources */ = {
			isa = PBXSourcesBuildPhase;
			buildActionMask = 2147483647;
			files = (
				00E356F31AD99517003FC87E /* crowdshotTests.m in Sources */,
			);
			runOnlyForDeploymentPostprocessing = 0;
		};
		13B07F871A680F5B00A75B9A /* Sources */ = {
			isa = PBXSourcesBuildPhase;
			buildActionMask = 2147483647;
			files = (
				BEB0C30B1E07B19100D0C126 /* AIRGoogleMap.m in Sources */,
				BEB0C30E1E07B19100D0C126 /* AIRGoogleMapCircle.m in Sources */,
				BEB0C3181E07B19100D0C126 /* AIRGoogleMapURLTileManager.m in Sources */,
				BEB0C30F1E07B19100D0C126 /* AIRGoogleMapCircleManager.m in Sources */,
				13B07FBC1A68108700A75B9A /* AppDelegate.m in Sources */,
				BEB0C31A1E07B19100D0C126 /* RCTConvert+GMSMapViewType.m in Sources */,
				BEB0C3111E07B19100D0C126 /* AIRGoogleMapMarker.m in Sources */,
				13B07FC11A68108700A75B9A /* main.m in Sources */,
				BEB0C3151E07B19100D0C126 /* AIRGoogleMapPolyline.m in Sources */,
				BEB0C30D1E07B19100D0C126 /* AIRGoogleMapCalloutManager.m in Sources */,
				BEB0C3171E07B19100D0C126 /* AIRGoogleMapUrlTile.m in Sources */,
				BEB0C3131E07B19100D0C126 /* AIRGoogleMapPolygon.m in Sources */,
				BEB0C30C1E07B19100D0C126 /* AIRGoogleMapCallout.m in Sources */,
				BEB0C30A1E07B19100D0C126 /* AIRGMSMarker.m in Sources */,
				BEB0C3191E07B19100D0C126 /* DummyView.m in Sources */,
				BEB0C3101E07B19100D0C126 /* AIRGoogleMapManager.m in Sources */,
				BEB0C3121E07B19100D0C126 /* AIRGoogleMapMarkerManager.m in Sources */,
				BEB0C3141E07B19100D0C126 /* AIRGoogleMapPolygonManager.m in Sources */,
				BEB0C3161E07B19100D0C126 /* AIRGoogleMapPolylineManager.m in Sources */,
			);
			runOnlyForDeploymentPostprocessing = 0;
		};
/* End PBXSourcesBuildPhase section */

/* Begin PBXTargetDependency section */
		00E356F51AD99517003FC87E /* PBXTargetDependency */ = {
			isa = PBXTargetDependency;
			target = 13B07F861A680F5B00A75B9A /* Crowdshot */;
			targetProxy = 00E356F41AD99517003FC87E /* PBXContainerItemProxy */;
		};
/* End PBXTargetDependency section */

/* Begin PBXVariantGroup section */
		13B07FB11A68108700A75B9A /* LaunchScreen.xib */ = {
			isa = PBXVariantGroup;
			children = (
				13B07FB21A68108700A75B9A /* Base */,
			);
			name = LaunchScreen.xib;
			path = crowdshot;
			sourceTree = "<group>";
		};
/* End PBXVariantGroup section */

/* Begin XCBuildConfiguration section */
		00E356F61AD99517003FC87E /* Debug */ = {
			isa = XCBuildConfiguration;
			baseConfigurationReference = CDB6F2843D5B151B017050E5 /* Pods-crowdshotTests.debug.xcconfig */;
			buildSettings = {
				BUNDLE_LOADER = "$(TEST_HOST)";
				DEVELOPMENT_TEAM = P4R8A9GZY9;
				GCC_PREPROCESSOR_DEFINITIONS = (
					"DEBUG=1",
					"$(inherited)",
				);
				INFOPLIST_FILE = crowdshotTests/Info.plist;
				IPHONEOS_DEPLOYMENT_TARGET = 8.0;
				LD_RUNPATH_SEARCH_PATHS = "$(inherited) @executable_path/Frameworks @loader_path/Frameworks";
				LIBRARY_SEARCH_PATHS = (
					"$(inherited)",
					"\"$(SRCROOT)/$(TARGET_NAME)\"",
					"\"$(SRCROOT)/$(TARGET_NAME)\"",
					"\"$(SRCROOT)/$(TARGET_NAME)\"",
					"\"$(SRCROOT)/$(TARGET_NAME)\"",
					"\"$(SRCROOT)/$(TARGET_NAME)\"",
					"\"$(SRCROOT)/$(TARGET_NAME)\"",
					"\"$(SRCROOT)/$(TARGET_NAME)\"",
					"\"$(SRCROOT)/$(TARGET_NAME)\"",
					"\"$(SRCROOT)/$(TARGET_NAME)\"",
					"\"$(SRCROOT)/$(TARGET_NAME)\"",
					"\"$(SRCROOT)/$(TARGET_NAME)\"",
					"\"$(SRCROOT)/$(TARGET_NAME)\"",
				);
				PRODUCT_NAME = "$(TARGET_NAME)";
				TEST_HOST = "$(BUILT_PRODUCTS_DIR)/crowdshot.app/crowdshot";
			};
			name = Debug;
		};
		00E356F71AD99517003FC87E /* Release */ = {
			isa = XCBuildConfiguration;
			baseConfigurationReference = 02F3AC37C8E57BB0F4B57227 /* Pods-crowdshotTests.release.xcconfig */;
			buildSettings = {
				BUNDLE_LOADER = "$(TEST_HOST)";
				COPY_PHASE_STRIP = NO;
				DEVELOPMENT_TEAM = P4R8A9GZY9;
				INFOPLIST_FILE = crowdshotTests/Info.plist;
				IPHONEOS_DEPLOYMENT_TARGET = 8.0;
				LD_RUNPATH_SEARCH_PATHS = "$(inherited) @executable_path/Frameworks @loader_path/Frameworks";
				LIBRARY_SEARCH_PATHS = (
					"$(inherited)",
					"\"$(SRCROOT)/$(TARGET_NAME)\"",
					"\"$(SRCROOT)/$(TARGET_NAME)\"",
					"\"$(SRCROOT)/$(TARGET_NAME)\"",
					"\"$(SRCROOT)/$(TARGET_NAME)\"",
					"\"$(SRCROOT)/$(TARGET_NAME)\"",
					"\"$(SRCROOT)/$(TARGET_NAME)\"",
					"\"$(SRCROOT)/$(TARGET_NAME)\"",
					"\"$(SRCROOT)/$(TARGET_NAME)\"",
					"\"$(SRCROOT)/$(TARGET_NAME)\"",
					"\"$(SRCROOT)/$(TARGET_NAME)\"",
					"\"$(SRCROOT)/$(TARGET_NAME)\"",
					"\"$(SRCROOT)/$(TARGET_NAME)\"",
				);
				PRODUCT_NAME = "$(TARGET_NAME)";
				TEST_HOST = "$(BUILT_PRODUCTS_DIR)/crowdshot.app/crowdshot";
			};
			name = Release;
		};
		13B07F941A680F5B00A75B9A /* Debug */ = {
			isa = XCBuildConfiguration;
			baseConfigurationReference = 793D6795CDD9F4C735FA96CE /* Pods-crowdshot.debug.xcconfig */;
			buildSettings = {
				ASSETCATALOG_COMPILER_APPICON_NAME = AppIcon;
				CODE_SIGN_ENTITLEMENTS = crowdshot/crowdshot.entitlements;
				"CODE_SIGN_IDENTITY[sdk=iphoneos*]" = "iPhone Developer";
				CURRENT_PROJECT_VERSION = 1;
				DEAD_CODE_STRIPPING = NO;
				DEVELOPMENT_TEAM = P4R8A9GZY9;
				FRAMEWORK_SEARCH_PATHS = (
					"~/Documents/FacebookSDK",
					"$(inherited)",
					"$(PROJECT_DIR)",
				);
				HEADER_SEARCH_PATHS = (
					"$(inherited)",
					/Applications/Xcode.app/Contents/Developer/Toolchains/XcodeDefault.xctoolchain/usr/include,
					"$(SRCROOT)/../node_modules/react-native/React/**",
					"$(SRCROOT)/../node_modules/react-native-fbsdk/ios/RCTFBSDK/**",
					"$(SRCROOT)/../node_modules/react-native-vector-icons/RNVectorIconsManager",
					"$(SRCROOT)/../node_modules/react-native-camera/ios",
					"$(SRCROOT)/../node_modules/react-native-linear-gradient/BVLinearGradient",
					"$(SRCROOT)/../node_modules/react-native-video",
					"$(SRCROOT)/../node_modules/react-native-blur/ios",
					"$(SRCROOT)/../node_modules/react-native-fetch-blob/ios/**",
					"$(SRCROOT)/../node_modules/react-native-icons/ios/ReactNativeIcons/**",
					"$(SRCROOT)/../node_modules/react-native-maps/ios/**",
					"$(SRCROOT)/../node_modules/react-native-fcm/ios",
					"$(SRCROOT)/../node_modules/react-native-share/ios",
					"$(SRCROOT)/../node_modules/react-native-picker/ios/RCTBEEPickerManager",
					"$(SRCROOT)/../node_modules/react-native/Libraries/Image",
				);
				INFOPLIST_FILE = crowdshot/Info.plist;
				LD_RUNPATH_SEARCH_PATHS = "$(inherited) @executable_path/Frameworks";
				OTHER_LDFLAGS = (
					"$(inherited)",
					"-ObjC",
					"-lc++",
				);
				PRODUCT_BUNDLE_IDENTIFIER = co.crowdshot;
				PRODUCT_NAME = Crowdshot;
				TARGETED_DEVICE_FAMILY = "1,2";
				VERSIONING_SYSTEM = "apple-generic";
			};
			name = Debug;
		};
		13B07F951A680F5B00A75B9A /* Release */ = {
			isa = XCBuildConfiguration;
			baseConfigurationReference = A938785A7CD4A8573077EF78 /* Pods-crowdshot.release.xcconfig */;
			buildSettings = {
				ASSETCATALOG_COMPILER_APPICON_NAME = AppIcon;
				CODE_SIGN_ENTITLEMENTS = crowdshot/crowdshot.entitlements;
				"CODE_SIGN_IDENTITY[sdk=iphoneos*]" = "iPhone Developer";
				CURRENT_PROJECT_VERSION = 1;
				DEVELOPMENT_TEAM = P4R8A9GZY9;
				FRAMEWORK_SEARCH_PATHS = (
					"~/Documents/FacebookSDK",
					"$(inherited)",
					"$(PROJECT_DIR)",
				);
				HEADER_SEARCH_PATHS = (
					"$(inherited)",
					/Applications/Xcode.app/Contents/Developer/Toolchains/XcodeDefault.xctoolchain/usr/include,
					"$(SRCROOT)/../node_modules/react-native/React/**",
					"$(SRCROOT)/../node_modules/react-native-fbsdk/ios/RCTFBSDK/**",
					"$(SRCROOT)/../node_modules/react-native-vector-icons/RNVectorIconsManager",
					"$(SRCROOT)/../node_modules/react-native-camera/ios",
					"$(SRCROOT)/../node_modules/react-native-linear-gradient/BVLinearGradient",
					"$(SRCROOT)/../node_modules/react-native-video",
					"$(SRCROOT)/../node_modules/react-native-blur/ios",
					"$(SRCROOT)/../node_modules/react-native-fetch-blob/ios/**",
					"$(SRCROOT)/../node_modules/react-native-icons/ios/ReactNativeIcons/**",
					"$(SRCROOT)/../node_modules/react-native-maps/ios/**",
					"$(SRCROOT)/../node_modules/react-native-fcm/ios",
					"$(SRCROOT)/../node_modules/react-native-share/ios",
					"$(SRCROOT)/../node_modules/react-native-picker/ios/RCTBEEPickerManager",
					"$(SRCROOT)/../node_modules/react-native/Libraries/Image",
				);
				INFOPLIST_FILE = crowdshot/Info.plist;
				LD_RUNPATH_SEARCH_PATHS = "$(inherited) @executable_path/Frameworks";
				OTHER_LDFLAGS = (
					"$(inherited)",
					"-ObjC",
					"-lc++",
				);
				PRODUCT_BUNDLE_IDENTIFIER = co.crowdshot;
				PRODUCT_NAME = Crowdshot;
				TARGETED_DEVICE_FAMILY = "1,2";
				VERSIONING_SYSTEM = "apple-generic";
			};
			name = Release;
		};
		83CBBA201A601CBA00E9B192 /* Debug */ = {
			isa = XCBuildConfiguration;
			buildSettings = {
				ALWAYS_SEARCH_USER_PATHS = NO;
				CLANG_CXX_LANGUAGE_STANDARD = "gnu++0x";
				CLANG_CXX_LIBRARY = "libc++";
				CLANG_ENABLE_MODULES = YES;
				CLANG_ENABLE_OBJC_ARC = YES;
				CLANG_WARN_BOOL_CONVERSION = YES;
				CLANG_WARN_CONSTANT_CONVERSION = YES;
				CLANG_WARN_DIRECT_OBJC_ISA_USAGE = YES_ERROR;
				CLANG_WARN_EMPTY_BODY = YES;
				CLANG_WARN_ENUM_CONVERSION = YES;
				CLANG_WARN_INT_CONVERSION = YES;
				CLANG_WARN_OBJC_ROOT_CLASS = YES_ERROR;
				CLANG_WARN_UNREACHABLE_CODE = YES;
				CLANG_WARN__DUPLICATE_METHOD_MATCH = YES;
				"CODE_SIGN_IDENTITY[sdk=iphoneos*]" = "iPhone Developer";
				COPY_PHASE_STRIP = NO;
				ENABLE_STRICT_OBJC_MSGSEND = YES;
				GCC_C_LANGUAGE_STANDARD = gnu99;
				GCC_DYNAMIC_NO_PIC = NO;
				GCC_OPTIMIZATION_LEVEL = 0;
				GCC_PREPROCESSOR_DEFINITIONS = (
					"DEBUG=1",
					"$(inherited)",
				);
				GCC_SYMBOLS_PRIVATE_EXTERN = NO;
				GCC_WARN_64_TO_32_BIT_CONVERSION = YES;
				GCC_WARN_ABOUT_RETURN_TYPE = YES_ERROR;
				GCC_WARN_UNDECLARED_SELECTOR = YES;
				GCC_WARN_UNINITIALIZED_AUTOS = YES_AGGRESSIVE;
				GCC_WARN_UNUSED_FUNCTION = YES;
				GCC_WARN_UNUSED_VARIABLE = YES;
				HEADER_SEARCH_PATHS = (
					"$(inherited)",
					/Applications/Xcode.app/Contents/Developer/Toolchains/XcodeDefault.xctoolchain/usr/include,
					"$(SRCROOT)/../node_modules/react-native/React/**",
					"$(SRCROOT)/../node_modules/react-native-fbsdk/ios/RCTFBSDK/**",
					"$(SRCROOT)/../node_modules/react-native-vector-icons/RNVectorIconsManager",
					"$(SRCROOT)/../node_modules/react-native-camera/ios",
					"$(SRCROOT)/../node_modules/react-native-linear-gradient/BVLinearGradient",
					"$(SRCROOT)/../node_modules/react-native-video",
					"$(SRCROOT)/../node_modules/react-native-blur/ios",
					"$(SRCROOT)/../node_modules/react-native-fetch-blob/ios/**",
					"$(SRCROOT)/../node_modules/react-native-icons/ios/ReactNativeIcons/**",
					"$(SRCROOT)/../node_modules/react-native-maps/ios/**",
					"$(SRCROOT)/../node_modules/react-native-fcm/ios",
					"$(SRCROOT)/../node_modules/react-native-share/ios",
					"$(SRCROOT)/../node_modules/react-native-picker/ios/RCTBEEPickerManager",
				);
				IPHONEOS_DEPLOYMENT_TARGET = 8.0;
				MTL_ENABLE_DEBUG_INFO = YES;
				ONLY_ACTIVE_ARCH = YES;
				SDKROOT = iphoneos;
			};
			name = Debug;
		};
		83CBBA211A601CBA00E9B192 /* Release */ = {
			isa = XCBuildConfiguration;
			buildSettings = {
				ALWAYS_SEARCH_USER_PATHS = NO;
				CLANG_CXX_LANGUAGE_STANDARD = "gnu++0x";
				CLANG_CXX_LIBRARY = "libc++";
				CLANG_ENABLE_MODULES = YES;
				CLANG_ENABLE_OBJC_ARC = YES;
				CLANG_WARN_BOOL_CONVERSION = YES;
				CLANG_WARN_CONSTANT_CONVERSION = YES;
				CLANG_WARN_DIRECT_OBJC_ISA_USAGE = YES_ERROR;
				CLANG_WARN_EMPTY_BODY = YES;
				CLANG_WARN_ENUM_CONVERSION = YES;
				CLANG_WARN_INT_CONVERSION = YES;
				CLANG_WARN_OBJC_ROOT_CLASS = YES_ERROR;
				CLANG_WARN_UNREACHABLE_CODE = YES;
				CLANG_WARN__DUPLICATE_METHOD_MATCH = YES;
				"CODE_SIGN_IDENTITY[sdk=iphoneos*]" = "iPhone Developer";
				COPY_PHASE_STRIP = YES;
				ENABLE_NS_ASSERTIONS = NO;
				ENABLE_STRICT_OBJC_MSGSEND = YES;
				GCC_C_LANGUAGE_STANDARD = gnu99;
				GCC_WARN_64_TO_32_BIT_CONVERSION = YES;
				GCC_WARN_ABOUT_RETURN_TYPE = YES_ERROR;
				GCC_WARN_UNDECLARED_SELECTOR = YES;
				GCC_WARN_UNINITIALIZED_AUTOS = YES_AGGRESSIVE;
				GCC_WARN_UNUSED_FUNCTION = YES;
				GCC_WARN_UNUSED_VARIABLE = YES;
				HEADER_SEARCH_PATHS = (
					"$(inherited)",
					/Applications/Xcode.app/Contents/Developer/Toolchains/XcodeDefault.xctoolchain/usr/include,
					"$(SRCROOT)/../node_modules/react-native/React/**",
					"$(SRCROOT)/../node_modules/react-native-fbsdk/ios/RCTFBSDK/**",
					"$(SRCROOT)/../node_modules/react-native-vector-icons/RNVectorIconsManager",
					"$(SRCROOT)/../node_modules/react-native-camera/ios",
					"$(SRCROOT)/../node_modules/react-native-linear-gradient/BVLinearGradient",
					"$(SRCROOT)/../node_modules/react-native-video",
					"$(SRCROOT)/../node_modules/react-native-blur/ios",
					"$(SRCROOT)/../node_modules/react-native-fetch-blob/ios/**",
					"$(SRCROOT)/../node_modules/react-native-icons/ios/ReactNativeIcons/**",
					"$(SRCROOT)/../node_modules/react-native-maps/ios/**",
					"$(SRCROOT)/../node_modules/react-native-fcm/ios",
					"$(SRCROOT)/../node_modules/react-native-share/ios",
					"$(SRCROOT)/../node_modules/react-native-picker/ios/RCTBEEPickerManager",
				);
				IPHONEOS_DEPLOYMENT_TARGET = 8.0;
				MTL_ENABLE_DEBUG_INFO = NO;
				SDKROOT = iphoneos;
				VALIDATE_PRODUCT = YES;
			};
			name = Release;
		};
/* End XCBuildConfiguration section */

/* Begin XCConfigurationList section */
		00E357021AD99517003FC87E /* Build configuration list for PBXNativeTarget "crowdshotTests" */ = {
			isa = XCConfigurationList;
			buildConfigurations = (
				00E356F61AD99517003FC87E /* Debug */,
				00E356F71AD99517003FC87E /* Release */,
			);
			defaultConfigurationIsVisible = 0;
			defaultConfigurationName = Release;
		};
		13B07F931A680F5B00A75B9A /* Build configuration list for PBXNativeTarget "Crowdshot" */ = {
			isa = XCConfigurationList;
			buildConfigurations = (
				13B07F941A680F5B00A75B9A /* Debug */,
				13B07F951A680F5B00A75B9A /* Release */,
			);
			defaultConfigurationIsVisible = 0;
			defaultConfigurationName = Release;
		};
		83CBB9FA1A601CBA00E9B192 /* Build configuration list for PBXProject "crowdshot" */ = {
			isa = XCConfigurationList;
			buildConfigurations = (
				83CBBA201A601CBA00E9B192 /* Debug */,
				83CBBA211A601CBA00E9B192 /* Release */,
			);
			defaultConfigurationIsVisible = 0;
			defaultConfigurationName = Release;
		};
/* End XCConfigurationList section */
	};
	rootObject = 83CBB9F71A601CBA00E9B192 /* Project object */;
}
